// !$*UTF8*$!
{
	archiveVersion = 1;
	classes = {
	};
	objectVersion = 56;
	objects = {

/* Begin PBXBuildFile section */
		A823EE722C10651E001BF6A6 /* AppDelegate.swift in Sources */ = {isa = PBXBuildFile; fileRef = A823EE712C10651E001BF6A6 /* AppDelegate.swift */; };
		A823EE742C10651E001BF6A6 /* SceneDelegate.swift in Sources */ = {isa = PBXBuildFile; fileRef = A823EE732C10651E001BF6A6 /* SceneDelegate.swift */; };
		A823EE7C2C10651E001BF6A6 /* NewsClientData.xcdatamodeld in Sources */ = {isa = PBXBuildFile; fileRef = A823EE7A2C10651E001BF6A6 /* NewsClientData.xcdatamodeld */; };
		A823EE7E2C10651F001BF6A6 /* Assets.xcassets in Resources */ = {isa = PBXBuildFile; fileRef = A823EE7D2C10651F001BF6A6 /* Assets.xcassets */; };
		A823EE812C10651F001BF6A6 /* Base in Resources */ = {isa = PBXBuildFile; fileRef = A823EE802C10651F001BF6A6 /* Base */; };
		A823EE8B2C107171001BF6A6 /* MainTabBarController.swift in Sources */ = {isa = PBXBuildFile; fileRef = A823EE8A2C107171001BF6A6 /* MainTabBarController.swift */; };
/* End PBXBuildFile section */

/* Begin PBXFileReference section */
		A823EE6E2C10651E001BF6A6 /* NewsClient.app */ = {isa = PBXFileReference; explicitFileType = wrapper.application; includeInIndex = 0; path = NewsClient.app; sourceTree = BUILT_PRODUCTS_DIR; };
		A823EE712C10651E001BF6A6 /* AppDelegate.swift */ = {isa = PBXFileReference; lastKnownFileType = sourcecode.swift; path = AppDelegate.swift; sourceTree = "<group>"; };
		A823EE732C10651E001BF6A6 /* SceneDelegate.swift */ = {isa = PBXFileReference; lastKnownFileType = sourcecode.swift; path = SceneDelegate.swift; sourceTree = "<group>"; };
		A823EE7B2C10651E001BF6A6 /* NewsClient.xcdatamodel */ = {isa = PBXFileReference; lastKnownFileType = wrapper.xcdatamodel; path = NewsClient.xcdatamodel; sourceTree = "<group>"; };
		A823EE7D2C10651F001BF6A6 /* Assets.xcassets */ = {isa = PBXFileReference; lastKnownFileType = folder.assetcatalog; path = Assets.xcassets; sourceTree = "<group>"; };
		A823EE802C10651F001BF6A6 /* Base */ = {isa = PBXFileReference; lastKnownFileType = file.storyboard; name = Base; path = Base.lproj/LaunchScreen.storyboard; sourceTree = "<group>"; };
		A823EE822C10651F001BF6A6 /* Info.plist */ = {isa = PBXFileReference; lastKnownFileType = text.plist.xml; path = Info.plist; sourceTree = "<group>"; };
		A823EE8A2C107171001BF6A6 /* MainTabBarController.swift */ = {isa = PBXFileReference; lastKnownFileType = sourcecode.swift; path = MainTabBarController.swift; sourceTree = "<group>"; };
/* End PBXFileReference section */

/* Begin PBXFrameworksBuildPhase section */
		A823EE6B2C10651E001BF6A6 /* Frameworks */ = {
			isa = PBXFrameworksBuildPhase;
			buildActionMask = 2147483647;
			files = (
			);
			runOnlyForDeploymentPostprocessing = 0;
		};
/* End PBXFrameworksBuildPhase section */

/* Begin PBXGroup section */
		A823EE652C10651E001BF6A6 = {
			isa = PBXGroup;
			children = (
				A823EE702C10651E001BF6A6 /* NewsClient */,
				A823EE6F2C10651E001BF6A6 /* Products */,
			);
			sourceTree = "<group>";
		};
		A823EE6F2C10651E001BF6A6 /* Products */ = {
			isa = PBXGroup;
			children = (
				A823EE6E2C10651E001BF6A6 /* NewsClient.app */,
			);
			name = Products;
			sourceTree = "<group>";
		};
		A823EE702C10651E001BF6A6 /* NewsClient */ = {
			isa = PBXGroup;
			children = (
				A823EE8C2C107207001BF6A6 /* Resource */,
				A823EE8D2C1072A1001BF6A6 /* Source */,
			);
			path = NewsClient;
			sourceTree = "<group>";
		};
		A823EE8C2C107207001BF6A6 /* Resource */ = {
			isa = PBXGroup;
			children = (
				A823EE7D2C10651F001BF6A6 /* Assets.xcassets */,
				A823EE7F2C10651F001BF6A6 /* LaunchScreen.storyboard */,
				A823EE822C10651F001BF6A6 /* Info.plist */,
				A823EE7A2C10651E001BF6A6 /* NewsClientData.xcdatamodeld */,
			);
			path = Resource;
			sourceTree = "<group>";
		};
		A823EE8D2C1072A1001BF6A6 /* Source */ = {
			isa = PBXGroup;
			children = (
				A823EE8E2C1072C5001BF6A6 /* Screens */,
			);
			path = Source;
			sourceTree = "<group>";
		};
		A823EE8E2C1072C5001BF6A6 /* Screens */ = {
			isa = PBXGroup;
			children = (
				A823EE902C1072D7001BF6A6 /* Main */,
				A823EE8F2C1072CE001BF6A6 /* App */,
			);
			path = Screens;
			sourceTree = "<group>";
		};
		A823EE8F2C1072CE001BF6A6 /* App */ = {
			isa = PBXGroup;
			children = (
				A823EE712C10651E001BF6A6 /* AppDelegate.swift */,
				A823EE732C10651E001BF6A6 /* SceneDelegate.swift */,
			);
			path = App;
			sourceTree = "<group>";
		};
		A823EE902C1072D7001BF6A6 /* Main */ = {
			isa = PBXGroup;
			children = (
				A823EE8A2C107171001BF6A6 /* MainTabBarController.swift */,
			);
			path = Main;
			sourceTree = "<group>";
		};
/* End PBXGroup section */

/* Begin PBXNativeTarget section */
		A823EE6D2C10651E001BF6A6 /* NewsClient */ = {
			isa = PBXNativeTarget;
			buildConfigurationList = A823EE852C10651F001BF6A6 /* Build configuration list for PBXNativeTarget "NewsClient" */;
			buildPhases = (
				A823EE6A2C10651E001BF6A6 /* Sources */,
				A823EE6B2C10651E001BF6A6 /* Frameworks */,
				A823EE6C2C10651E001BF6A6 /* Resources */,
			);
			buildRules = (
			);
			dependencies = (
			);
			name = NewsClient;
			productName = NewsClient;
			productReference = A823EE6E2C10651E001BF6A6 /* NewsClient.app */;
			productType = "com.apple.product-type.application";
		};
/* End PBXNativeTarget section */

/* Begin PBXProject section */
		A823EE662C10651E001BF6A6 /* Project object */ = {
			isa = PBXProject;
			attributes = {
				BuildIndependentTargetsInParallel = 1;
				LastSwiftUpdateCheck = 1540;
				LastUpgradeCheck = 1540;
				TargetAttributes = {
					A823EE6D2C10651E001BF6A6 = {
						CreatedOnToolsVersion = 15.4;
					};
				};
			};
			buildConfigurationList = A823EE692C10651E001BF6A6 /* Build configuration list for PBXProject "NewsClient" */;
			compatibilityVersion = "Xcode 14.0";
			developmentRegion = en;
			hasScannedForEncodings = 0;
			knownRegions = (
				en,
				Base,
			);
			mainGroup = A823EE652C10651E001BF6A6;
			productRefGroup = A823EE6F2C10651E001BF6A6 /* Products */;
			projectDirPath = "";
			projectRoot = "";
			targets = (
				A823EE6D2C10651E001BF6A6 /* NewsClient */,
			);
		};
/* End PBXProject section */

/* Begin PBXResourcesBuildPhase section */
		A823EE6C2C10651E001BF6A6 /* Resources */ = {
			isa = PBXResourcesBuildPhase;
			buildActionMask = 2147483647;
			files = (
				A823EE7E2C10651F001BF6A6 /* Assets.xcassets in Resources */,
				A823EE812C10651F001BF6A6 /* Base in Resources */,
			);
			runOnlyForDeploymentPostprocessing = 0;
		};
/* End PBXResourcesBuildPhase section */

/* Begin PBXSourcesBuildPhase section */
		A823EE6A2C10651E001BF6A6 /* Sources */ = {
			isa = PBXSourcesBuildPhase;
			buildActionMask = 2147483647;
			files = (
				A823EE722C10651E001BF6A6 /* AppDelegate.swift in Sources */,
				A823EE742C10651E001BF6A6 /* SceneDelegate.swift in Sources */,
				A823EE8B2C107171001BF6A6 /* MainTabBarController.swift in Sources */,
				A823EE7C2C10651E001BF6A6 /* NewsClientData.xcdatamodeld in Sources */,
			);
			runOnlyForDeploymentPostprocessing = 0;
		};
/* End PBXSourcesBuildPhase section */

/* Begin PBXVariantGroup section */
		A823EE7F2C10651F001BF6A6 /* LaunchScreen.storyboard */ = {
			isa = PBXVariantGroup;
			children = (
				A823EE802C10651F001BF6A6 /* Base */,
			);
			name = LaunchScreen.storyboard;
			sourceTree = "<group>";
		};
/* End PBXVariantGroup section */

/* Begin XCBuildConfiguration section */
		A823EE832C10651F001BF6A6 /* Debug */ = {
			isa = XCBuildConfiguration;
			buildSettings = {
				ALWAYS_SEARCH_USER_PATHS = NO;
				ASSETCATALOG_COMPILER_GENERATE_SWIFT_ASSET_SYMBOL_EXTENSIONS = YES;
				CLANG_ANALYZER_NONNULL = YES;
				CLANG_ANALYZER_NUMBER_OBJECT_CONVERSION = YES_AGGRESSIVE;
				CLANG_CXX_LANGUAGE_STANDARD = "gnu++20";
				CLANG_ENABLE_MODULES = YES;
				CLANG_ENABLE_OBJC_ARC = YES;
				CLANG_ENABLE_OBJC_WEAK = YES;
				CLANG_WARN_BLOCK_CAPTURE_AUTORELEASING = YES;
				CLANG_WARN_BOOL_CONVERSION = YES;
				CLANG_WARN_COMMA = YES;
				CLANG_WARN_CONSTANT_CONVERSION = YES;
				CLANG_WARN_DEPRECATED_OBJC_IMPLEMENTATIONS = YES;
				CLANG_WARN_DIRECT_OBJC_ISA_USAGE = YES_ERROR;
				CLANG_WARN_DOCUMENTATION_COMMENTS = YES;
				CLANG_WARN_EMPTY_BODY = YES;
				CLANG_WARN_ENUM_CONVERSION = YES;
				CLANG_WARN_INFINITE_RECURSION = YES;
				CLANG_WARN_INT_CONVERSION = YES;
				CLANG_WARN_NON_LITERAL_NULL_CONVERSION = YES;
				CLANG_WARN_OBJC_IMPLICIT_RETAIN_SELF = YES;
				CLANG_WARN_OBJC_LITERAL_CONVERSION = YES;
				CLANG_WARN_OBJC_ROOT_CLASS = YES_ERROR;
				CLANG_WARN_QUOTED_INCLUDE_IN_FRAMEWORK_HEADER = YES;
				CLANG_WARN_RANGE_LOOP_ANALYSIS = YES;
				CLANG_WARN_STRICT_PROTOTYPES = YES;
				CLANG_WARN_SUSPICIOUS_MOVE = YES;
				CLANG_WARN_UNGUARDED_AVAILABILITY = YES_AGGRESSIVE;
				CLANG_WARN_UNREACHABLE_CODE = YES;
				CLANG_WARN__DUPLICATE_METHOD_MATCH = YES;
				COPY_PHASE_STRIP = NO;
				DEBUG_INFORMATION_FORMAT = dwarf;
				ENABLE_STRICT_OBJC_MSGSEND = YES;
				ENABLE_TESTABILITY = YES;
				ENABLE_USER_SCRIPT_SANDBOXING = YES;
				GCC_C_LANGUAGE_STANDARD = gnu17;
				GCC_DYNAMIC_NO_PIC = NO;
				GCC_NO_COMMON_BLOCKS = YES;
				GCC_OPTIMIZATION_LEVEL = 0;
				GCC_PREPROCESSOR_DEFINITIONS = (
					"DEBUG=1",
					"$(inherited)",
				);
				GCC_WARN_64_TO_32_BIT_CONVERSION = YES;
				GCC_WARN_ABOUT_RETURN_TYPE = YES_ERROR;
				GCC_WARN_UNDECLARED_SELECTOR = YES;
				GCC_WARN_UNINITIALIZED_AUTOS = YES_AGGRESSIVE;
				GCC_WARN_UNUSED_FUNCTION = YES;
				GCC_WARN_UNUSED_VARIABLE = YES;
				IPHONEOS_DEPLOYMENT_TARGET = 17.5;
				LOCALIZATION_PREFERS_STRING_CATALOGS = YES;
				MTL_ENABLE_DEBUG_INFO = INCLUDE_SOURCE;
				MTL_FAST_MATH = YES;
				ONLY_ACTIVE_ARCH = YES;
				SDKROOT = iphoneos;
				SWIFT_ACTIVE_COMPILATION_CONDITIONS = "DEBUG $(inherited)";
				SWIFT_OPTIMIZATION_LEVEL = "-Onone";
			};
			name = Debug;
		};
		A823EE842C10651F001BF6A6 /* Release */ = {
			isa = XCBuildConfiguration;
			buildSettings = {
				ALWAYS_SEARCH_USER_PATHS = NO;
				ASSETCATALOG_COMPILER_GENERATE_SWIFT_ASSET_SYMBOL_EXTENSIONS = YES;
				CLANG_ANALYZER_NONNULL = YES;
				CLANG_ANALYZER_NUMBER_OBJECT_CONVERSION = YES_AGGRESSIVE;
				CLANG_CXX_LANGUAGE_STANDARD = "gnu++20";
				CLANG_ENABLE_MODULES = YES;
				CLANG_ENABLE_OBJC_ARC = YES;
				CLANG_ENABLE_OBJC_WEAK = YES;
				CLANG_WARN_BLOCK_CAPTURE_AUTORELEASING = YES;
				CLANG_WARN_BOOL_CONVERSION = YES;
				CLANG_WARN_COMMA = YES;
				CLANG_WARN_CONSTANT_CONVERSION = YES;
				CLANG_WARN_DEPRECATED_OBJC_IMPLEMENTATIONS = YES;
				CLANG_WARN_DIRECT_OBJC_ISA_USAGE = YES_ERROR;
				CLANG_WARN_DOCUMENTATION_COMMENTS = YES;
				CLANG_WARN_EMPTY_BODY = YES;
				CLANG_WARN_ENUM_CONVERSION = YES;
				CLANG_WARN_INFINITE_RECURSION = YES;
				CLANG_WARN_INT_CONVERSION = YES;
				CLANG_WARN_NON_LITERAL_NULL_CONVERSION = YES;
				CLANG_WARN_OBJC_IMPLICIT_RETAIN_SELF = YES;
				CLANG_WARN_OBJC_LITERAL_CONVERSION = YES;
				CLANG_WARN_OBJC_ROOT_CLASS = YES_ERROR;
				CLANG_WARN_QUOTED_INCLUDE_IN_FRAMEWORK_HEADER = YES;
				CLANG_WARN_RANGE_LOOP_ANALYSIS = YES;
				CLANG_WARN_STRICT_PROTOTYPES = YES;
				CLANG_WARN_SUSPICIOUS_MOVE = YES;
				CLANG_WARN_UNGUARDED_AVAILABILITY = YES_AGGRESSIVE;
				CLANG_WARN_UNREACHABLE_CODE = YES;
				CLANG_WARN__DUPLICATE_METHOD_MATCH = YES;
				COPY_PHASE_STRIP = NO;
				DEBUG_INFORMATION_FORMAT = "dwarf-with-dsym";
				ENABLE_NS_ASSERTIONS = NO;
				ENABLE_STRICT_OBJC_MSGSEND = YES;
				ENABLE_USER_SCRIPT_SANDBOXING = YES;
				GCC_C_LANGUAGE_STANDARD = gnu17;
				GCC_NO_COMMON_BLOCKS = YES;
				GCC_WARN_64_TO_32_BIT_CONVERSION = YES;
				GCC_WARN_ABOUT_RETURN_TYPE = YES_ERROR;
				GCC_WARN_UNDECLARED_SELECTOR = YES;
				GCC_WARN_UNINITIALIZED_AUTOS = YES_AGGRESSIVE;
				GCC_WARN_UNUSED_FUNCTION = YES;
				GCC_WARN_UNUSED_VARIABLE = YES;
				IPHONEOS_DEPLOYMENT_TARGET = 17.5;
				LOCALIZATION_PREFERS_STRING_CATALOGS = YES;
				MTL_ENABLE_DEBUG_INFO = NO;
				MTL_FAST_MATH = YES;
				SDKROOT = iphoneos;
				SWIFT_COMPILATION_MODE = wholemodule;
				VALIDATE_PRODUCT = YES;
			};
			name = Release;
		};
		A823EE862C10651F001BF6A6 /* Debug */ = {
			isa = XCBuildConfiguration;
			buildSettings = {
				ASSETCATALOG_COMPILER_APPICON_NAME = AppIcon;
				ASSETCATALOG_COMPILER_GLOBAL_ACCENT_COLOR_NAME = AccentColor;
				CODE_SIGN_STYLE = Automatic;
				CURRENT_PROJECT_VERSION = 1;
				DEVELOPMENT_TEAM = 595Y7XNND7;
				GENERATE_INFOPLIST_FILE = YES;
				INFOPLIST_FILE = NewsClient/Resource/Info.plist;
				INFOPLIST_KEY_UIApplicationSupportsIndirectInputEvents = YES;
				INFOPLIST_KEY_UILaunchStoryboardName = LaunchScreen;
				INFOPLIST_KEY_UIRequiresFullScreen = YES;
				INFOPLIST_KEY_UISupportedInterfaceOrientations = UIInterfaceOrientationPortrait;
				IPHONEOS_DEPLOYMENT_TARGET = 15.0;
				LD_RUNPATH_SEARCH_PATHS = (
					"$(inherited)",
					"@executable_path/Frameworks",
				);
				MARKETING_VERSION = 1.0;
				PRODUCT_BUNDLE_IDENTIFIER = AM.NewsClient;
				PRODUCT_NAME = "$(TARGET_NAME)";
				SWIFT_EMIT_LOC_STRINGS = YES;
				SWIFT_VERSION = 5.0;
				TARGETED_DEVICE_FAMILY = "1,2";
			};
			name = Debug;
		};
		A823EE872C10651F001BF6A6 /* Release */ = {
			isa = XCBuildConfiguration;
			buildSettings = {
				ASSETCATALOG_COMPILER_APPICON_NAME = AppIcon;
				ASSETCATALOG_COMPILER_GLOBAL_ACCENT_COLOR_NAME = AccentColor;
				CODE_SIGN_STYLE = Automatic;
				CURRENT_PROJECT_VERSION = 1;
				DEVELOPMENT_TEAM = 595Y7XNND7;
				GENERATE_INFOPLIST_FILE = YES;
				INFOPLIST_FILE = NewsClient/Resource/Info.plist;
				INFOPLIST_KEY_UIApplicationSupportsIndirectInputEvents = YES;
				INFOPLIST_KEY_UILaunchStoryboardName = LaunchScreen;
				INFOPLIST_KEY_UIRequiresFullScreen = YES;
				INFOPLIST_KEY_UISupportedInterfaceOrientations = UIInterfaceOrientationPortrait;
				IPHONEOS_DEPLOYMENT_TARGET = 15.0;
				LD_RUNPATH_SEARCH_PATHS = (
					"$(inherited)",
					"@executable_path/Frameworks",
				);
				MARKETING_VERSION = 1.0;
				PRODUCT_BUNDLE_IDENTIFIER = AM.NewsClient;
				PRODUCT_NAME = "$(TARGET_NAME)";
				SWIFT_EMIT_LOC_STRINGS = YES;
				SWIFT_VERSION = 5.0;
				TARGETED_DEVICE_FAMILY = "1,2";
			};
			name = Release;
		};
/* End XCBuildConfiguration section */

/* Begin XCConfigurationList section */
		A823EE692C10651E001BF6A6 /* Build configuration list for PBXProject "NewsClient" */ = {
			isa = XCConfigurationList;
			buildConfigurations = (
				A823EE832C10651F001BF6A6 /* Debug */,
				A823EE842C10651F001BF6A6 /* Release */,
			);
			defaultConfigurationIsVisible = 0;
			defaultConfigurationName = Release;
		};
		A823EE852C10651F001BF6A6 /* Build configuration list for PBXNativeTarget "NewsClient" */ = {
			isa = XCConfigurationList;
			buildConfigurations = (
				A823EE862C10651F001BF6A6 /* Debug */,
				A823EE872C10651F001BF6A6 /* Release */,
			);
			defaultConfigurationIsVisible = 0;
			defaultConfigurationName = Release;
		};
/* End XCConfigurationList section */

/* Begin XCVersionGroup section */
		A823EE7A2C10651E001BF6A6 /* NewsClientData.xcdatamodeld */ = {
			isa = XCVersionGroup;
			children = (
				A823EE7B2C10651E001BF6A6 /* NewsClient.xcdatamodel */,
			);
			currentVersion = A823EE7B2C10651E001BF6A6 /* NewsClient.xcdatamodel */;
			path = NewsClientData.xcdatamodeld;
			sourceTree = "<group>";
			versionGroupType = wrapper.xcdatamodel;
		};
/* End XCVersionGroup section */
	};
	rootObject = A823EE662C10651E001BF6A6 /* Project object */;
}
