// !$*UTF8*$!
{
	archiveVersion = 1;
	classes = {
	};
	objectVersion = 56;
	objects = {

/* Begin PBXBuildFile section */
		A823EE722C10651E001BF6A6 /* AppDelegate.swift in Sources */ = {isa = PBXBuildFile; fileRef = A823EE712C10651E001BF6A6 /* AppDelegate.swift */; };
		A823EE742C10651E001BF6A6 /* SceneDelegate.swift in Sources */ = {isa = PBXBuildFile; fileRef = A823EE732C10651E001BF6A6 /* SceneDelegate.swift */; };
		A823EE7C2C10651E001BF6A6 /* NewsClientData.xcdatamodeld in Sources */ = {isa = PBXBuildFile; fileRef = A823EE7A2C10651E001BF6A6 /* NewsClientData.xcdatamodeld */; };
		A823EE7E2C10651F001BF6A6 /* Assets.xcassets in Resources */ = {isa = PBXBuildFile; fileRef = A823EE7D2C10651F001BF6A6 /* Assets.xcassets */; };
		A823EE812C10651F001BF6A6 /* Base in Resources */ = {isa = PBXBuildFile; fileRef = A823EE802C10651F001BF6A6 /* Base */; };
		A823EE8B2C107171001BF6A6 /* MainTabBarController.swift in Sources */ = {isa = PBXBuildFile; fileRef = A823EE8A2C107171001BF6A6 /* MainTabBarController.swift */; };
		A823EE942C109651001BF6A6 /* NetworkService.swift in Sources */ = {isa = PBXBuildFile; fileRef = A823EE932C109651001BF6A6 /* NetworkService.swift */; };
		A823EE962C1096BE001BF6A6 /* APIConstant.swift in Sources */ = {isa = PBXBuildFile; fileRef = A823EE952C1096BE001BF6A6 /* APIConstant.swift */; };
		A823EE982C109AE7001BF6A6 /* NetworkServiceProtocol.swift in Sources */ = {isa = PBXBuildFile; fileRef = A823EE972C109AE7001BF6A6 /* NetworkServiceProtocol.swift */; };
		A823EE9A2C109B23001BF6A6 /* NetworkService+News.swift in Sources */ = {isa = PBXBuildFile; fileRef = A823EE992C109B23001BF6A6 /* NetworkService+News.swift */; };
		A823EEA02C10A34E001BF6A6 /* DMNewsModel.swift in Sources */ = {isa = PBXBuildFile; fileRef = A823EE9F2C10A34E001BF6A6 /* DMNewsModel.swift */; };
		A823EEAB2C10A84D001BF6A6 /* ServiceProvider.swift in Sources */ = {isa = PBXBuildFile; fileRef = A823EEAA2C10A84D001BF6A6 /* ServiceProvider.swift */; };
		A823EEAF2C10AB03001BF6A6 /* BaseViewController.swift in Sources */ = {isa = PBXBuildFile; fileRef = A823EEAE2C10AB03001BF6A6 /* BaseViewController.swift */; };
		A823EEB62C10B041001BF6A6 /* DMNewsError.swift in Sources */ = {isa = PBXBuildFile; fileRef = A823EEB52C10B041001BF6A6 /* DMNewsError.swift */; };
		A823EEB92C19989B001BF6A6 /* CoreDataService.swift in Sources */ = {isa = PBXBuildFile; fileRef = A823EEB82C19989B001BF6A6 /* CoreDataService.swift */; };
		A823EEBB2C19992C001BF6A6 /* CoreDataServiceProtocol.swift in Sources */ = {isa = PBXBuildFile; fileRef = A823EEBA2C19992C001BF6A6 /* CoreDataServiceProtocol.swift */; };
		A823EEBD2C1999CB001BF6A6 /* CoreDataService+News.swift in Sources */ = {isa = PBXBuildFile; fileRef = A823EEBC2C1999CB001BF6A6 /* CoreDataService+News.swift */; };
		A824BF632C2EE22800B436F9 /* SearchModel.swift in Sources */ = {isa = PBXBuildFile; fileRef = A824BF622C2EE22800B436F9 /* SearchModel.swift */; };
		A824BF652C2EE23900B436F9 /* SearchModelDelegate.swift in Sources */ = {isa = PBXBuildFile; fileRef = A824BF642C2EE23900B436F9 /* SearchModelDelegate.swift */; };
		A824BF672C2EE24500B436F9 /* SearchModelProtocol.swift in Sources */ = {isa = PBXBuildFile; fileRef = A824BF662C2EE24500B436F9 /* SearchModelProtocol.swift */; };
		A824BF692C2EE25000B436F9 /* SearchModel+Ext.swift in Sources */ = {isa = PBXBuildFile; fileRef = A824BF682C2EE25000B436F9 /* SearchModel+Ext.swift */; };
		A824BF6C2C2EE27900B436F9 /* SearchViewController.swift in Sources */ = {isa = PBXBuildFile; fileRef = A824BF6B2C2EE27900B436F9 /* SearchViewController.swift */; };
		A824BF6E2C2EE28300B436F9 /* SearchViewController+Ext.swift in Sources */ = {isa = PBXBuildFile; fileRef = A824BF6D2C2EE28300B436F9 /* SearchViewController+Ext.swift */; };
		A824BF742C303E7200B436F9 /* SettingsViewController.swift in Sources */ = {isa = PBXBuildFile; fileRef = A824BF732C303E7200B436F9 /* SettingsViewController.swift */; };
		A824BF762C30408400B436F9 /* Theme.swift in Sources */ = {isa = PBXBuildFile; fileRef = A824BF752C30408400B436F9 /* Theme.swift */; };
		A824BF792C3051E000B436F9 /* SettingsModel.swift in Sources */ = {isa = PBXBuildFile; fileRef = A824BF782C3051E000B436F9 /* SettingsModel.swift */; };
		A824BF7B2C3051ED00B436F9 /* SettingsModelDelegate.swift in Sources */ = {isa = PBXBuildFile; fileRef = A824BF7A2C3051ED00B436F9 /* SettingsModelDelegate.swift */; };
		A824BF7D2C3051FB00B436F9 /* SettingsModelProtocol.swift in Sources */ = {isa = PBXBuildFile; fileRef = A824BF7C2C3051FB00B436F9 /* SettingsModelProtocol.swift */; };
		A824BF7F2C30520700B436F9 /* SettingsModel+Ext.swift in Sources */ = {isa = PBXBuildFile; fileRef = A824BF7E2C30520700B436F9 /* SettingsModel+Ext.swift */; };
		A824BF812C30522F00B436F9 /* SettingsView.swift in Sources */ = {isa = PBXBuildFile; fileRef = A824BF802C30522F00B436F9 /* SettingsView.swift */; };
		A824BF832C30524000B436F9 /* SettingsViewDelegate.swift in Sources */ = {isa = PBXBuildFile; fileRef = A824BF822C30524000B436F9 /* SettingsViewDelegate.swift */; };
		A824BF852C30524A00B436F9 /* SettingsViewProtocol.swift in Sources */ = {isa = PBXBuildFile; fileRef = A824BF842C30524A00B436F9 /* SettingsViewProtocol.swift */; };
		A824BF872C30525200B436F9 /* SettingsView+Ext.swift in Sources */ = {isa = PBXBuildFile; fileRef = A824BF862C30525200B436F9 /* SettingsView+Ext.swift */; };
		A824BF892C30547D00B436F9 /* SettingsView+TableView.swift in Sources */ = {isa = PBXBuildFile; fileRef = A824BF882C30547D00B436F9 /* SettingsView+TableView.swift */; };
		A824BF8B2C30558D00B436F9 /* SettingsViewController+Ext.swift in Sources */ = {isa = PBXBuildFile; fileRef = A824BF8A2C30558D00B436F9 /* SettingsViewController+Ext.swift */; };
		A824BF8D2C30578C00B436F9 /* SettingsDataModel.swift in Sources */ = {isa = PBXBuildFile; fileRef = A824BF8C2C30578C00B436F9 /* SettingsDataModel.swift */; };
		A824BF912C306F6700B436F9 /* Localizable.strings in Resources */ = {isa = PBXBuildFile; fileRef = A824BF8F2C306F6700B436F9 /* Localizable.strings */; };
		A824BF942C3070D900B436F9 /* String+Ext.swift in Sources */ = {isa = PBXBuildFile; fileRef = A824BF932C3070D900B436F9 /* String+Ext.swift */; };
		A824BF962C30710A00B436F9 /* DefaultManager.swift in Sources */ = {isa = PBXBuildFile; fileRef = A824BF952C30710A00B436F9 /* DefaultManager.swift */; };
		A824BF9C2C3134A800B436F9 /* WelcomeViewController.swift in Sources */ = {isa = PBXBuildFile; fileRef = A824BF9B2C3134A800B436F9 /* WelcomeViewController.swift */; };
		A824BF9E2C3134BE00B436F9 /* WelcomeModel.swift in Sources */ = {isa = PBXBuildFile; fileRef = A824BF9D2C3134BE00B436F9 /* WelcomeModel.swift */; };
		A824BFA02C3134CA00B436F9 /* WelcomeModelDelegate.swift in Sources */ = {isa = PBXBuildFile; fileRef = A824BF9F2C3134CA00B436F9 /* WelcomeModelDelegate.swift */; };
		A824BFA22C3134D500B436F9 /* WelcomeModelProtocol.swift in Sources */ = {isa = PBXBuildFile; fileRef = A824BFA12C3134D500B436F9 /* WelcomeModelProtocol.swift */; };
		A824BFA42C3134E000B436F9 /* WelcomeModel+Ext.swift in Sources */ = {isa = PBXBuildFile; fileRef = A824BFA32C3134E000B436F9 /* WelcomeModel+Ext.swift */; };
		A824BFA62C3134FB00B436F9 /* WelcomeView.swift in Sources */ = {isa = PBXBuildFile; fileRef = A824BFA52C3134FB00B436F9 /* WelcomeView.swift */; };
		A824BFA82C31351300B436F9 /* WelcomeViewDelegate.swift in Sources */ = {isa = PBXBuildFile; fileRef = A824BFA72C31351300B436F9 /* WelcomeViewDelegate.swift */; };
		A824BFAA2C31352200B436F9 /* WelcomeViewProtocol.swift in Sources */ = {isa = PBXBuildFile; fileRef = A824BFA92C31352200B436F9 /* WelcomeViewProtocol.swift */; };
		A824BFAC2C31353500B436F9 /* WelcomeView+Ext.swift in Sources */ = {isa = PBXBuildFile; fileRef = A824BFAB2C31353500B436F9 /* WelcomeView+Ext.swift */; };
		A824BFAE2C3138E800B436F9 /* WelcomeViewController+Ext.swift in Sources */ = {isa = PBXBuildFile; fileRef = A824BFAD2C3138E800B436F9 /* WelcomeViewController+Ext.swift */; };
		A824BFB12C31468700B436F9 /* WelcomeCollectionViewCell.swift in Sources */ = {isa = PBXBuildFile; fileRef = A824BFB02C31468700B436F9 /* WelcomeCollectionViewCell.swift */; };
		A824BFB32C31480C00B436F9 /* WelcomeView+CollectionView.swift in Sources */ = {isa = PBXBuildFile; fileRef = A824BFB22C31480C00B436F9 /* WelcomeView+CollectionView.swift */; };
		A824BFB52C31512300B436F9 /* Category.swift in Sources */ = {isa = PBXBuildFile; fileRef = A824BFB42C31512300B436F9 /* Category.swift */; };
		A824BFB72C31515100B436F9 /* Country.swift in Sources */ = {isa = PBXBuildFile; fileRef = A824BFB62C31515100B436F9 /* Country.swift */; };
		A83A171D2C3EDDEB0032A03C /* SearchInfoView.swift in Sources */ = {isa = PBXBuildFile; fileRef = A83A171C2C3EDDEB0032A03C /* SearchInfoView.swift */; };
		A83A17212C4124D40032A03C /* PlaceholderDataModel.swift in Sources */ = {isa = PBXBuildFile; fileRef = A83A17202C4124D40032A03C /* PlaceholderDataModel.swift */; };
		A83A17232C4129950032A03C /* NewsPlaceholderView.swift in Sources */ = {isa = PBXBuildFile; fileRef = A83A17222C4129950032A03C /* NewsPlaceholderView.swift */; };
		A83A17272C415C4C0032A03C /* SearchInfoViewProtocol.swift in Sources */ = {isa = PBXBuildFile; fileRef = A83A17262C415C4C0032A03C /* SearchInfoViewProtocol.swift */; };
		A83A17292C415C5C0032A03C /* SearchInfoViewDelegate.swift in Sources */ = {isa = PBXBuildFile; fileRef = A83A17282C415C5C0032A03C /* SearchInfoViewDelegate.swift */; };
		A83A172B2C415CFE0032A03C /* SearchInfoView+Ext.swift in Sources */ = {isa = PBXBuildFile; fileRef = A83A172A2C415CFE0032A03C /* SearchInfoView+Ext.swift */; };
		A83A178B2C42D9F60032A03C /* Bundle+Ext.swift in Sources */ = {isa = PBXBuildFile; fileRef = A83A178A2C42D9F60032A03C /* Bundle+Ext.swift */; };
		A83A178D2C43C1A60032A03C /* AppStrings.swift in Sources */ = {isa = PBXBuildFile; fileRef = A83A178C2C43C1A60032A03C /* AppStrings.swift */; };
		A83A17912C43E0970032A03C /* TimeConverter.swift in Sources */ = {isa = PBXBuildFile; fileRef = A83A17902C43E0970032A03C /* TimeConverter.swift */; };
		A83A17962C442C200032A03C /* CommonFunctions.swift in Sources */ = {isa = PBXBuildFile; fileRef = A83A17952C442C200032A03C /* CommonFunctions.swift */; };
		A85AB6DD2C19E04100FE1829 /* ArticleDataModel.swift in Sources */ = {isa = PBXBuildFile; fileRef = A85AB6DC2C19E04100FE1829 /* ArticleDataModel.swift */; };
		A85AB6DF2C19E6D100FE1829 /* Constants.swift in Sources */ = {isa = PBXBuildFile; fileRef = A85AB6DE2C19E6D100FE1829 /* Constants.swift */; };
		A85AB6EF2C19F35B00FE1829 /* ArticleCollectionViewCell.swift in Sources */ = {isa = PBXBuildFile; fileRef = A85AB6EE2C19F35B00FE1829 /* ArticleCollectionViewCell.swift */; };
		A85AB6F22C19F53300FE1829 /* UICollectionViewCell+Idintifier.swift in Sources */ = {isa = PBXBuildFile; fileRef = A85AB6F12C19F53300FE1829 /* UICollectionViewCell+Idintifier.swift */; };
		A85AB6F42C1C8DA500FE1829 /* UIImageView+Ext.swift in Sources */ = {isa = PBXBuildFile; fileRef = A85AB6F32C1C8DA500FE1829 /* UIImageView+Ext.swift */; };
		A85AB6F72C1D7AFF00FE1829 /* Kingfisher in Frameworks */ = {isa = PBXBuildFile; productRef = A85AB6F62C1D7AFF00FE1829 /* Kingfisher */; };
		A85AB6F92C1EF27F00FE1829 /* CategoryCollectionViewCell.swift in Sources */ = {isa = PBXBuildFile; fileRef = A85AB6F82C1EF27F00FE1829 /* CategoryCollectionViewCell.swift */; };
		A85AB6FB2C1EF52B00FE1829 /* CategoryView.swift in Sources */ = {isa = PBXBuildFile; fileRef = A85AB6FA2C1EF52B00FE1829 /* CategoryView.swift */; };
		A85AB6FF2C1EFA1D00FE1829 /* CategoryViewDelegate.swift in Sources */ = {isa = PBXBuildFile; fileRef = A85AB6FE2C1EFA1D00FE1829 /* CategoryViewDelegate.swift */; };
		A85AB7012C1EFA2900FE1829 /* CategoryViewProtocol.swift in Sources */ = {isa = PBXBuildFile; fileRef = A85AB7002C1EFA2900FE1829 /* CategoryViewProtocol.swift */; };
		A85AB7032C1EFA3A00FE1829 /* CategoryView+Ext.swift in Sources */ = {isa = PBXBuildFile; fileRef = A85AB7022C1EFA3A00FE1829 /* CategoryView+Ext.swift */; };
		A85AB7052C1EFA4700FE1829 /* CategoryView+CollectionView.swift in Sources */ = {isa = PBXBuildFile; fileRef = A85AB7042C1EFA4700FE1829 /* CategoryView+CollectionView.swift */; };
		A85AB70C2C200C1100FE1829 /* HomeModel.swift in Sources */ = {isa = PBXBuildFile; fileRef = A85AB70B2C200C1000FE1829 /* HomeModel.swift */; };
		A85AB70E2C200C2700FE1829 /* HomeModelDelegate.swift in Sources */ = {isa = PBXBuildFile; fileRef = A85AB70D2C200C2700FE1829 /* HomeModelDelegate.swift */; };
		A85AB7102C200C4100FE1829 /* HomeModelProtocol.swift in Sources */ = {isa = PBXBuildFile; fileRef = A85AB70F2C200C4100FE1829 /* HomeModelProtocol.swift */; };
		A85AB7122C200C5400FE1829 /* HomeModel+Ext.swift in Sources */ = {isa = PBXBuildFile; fileRef = A85AB7112C200C5400FE1829 /* HomeModel+Ext.swift */; };
		A85AB7142C200C7000FE1829 /* HomeView.swift in Sources */ = {isa = PBXBuildFile; fileRef = A85AB7132C200C7000FE1829 /* HomeView.swift */; };
		A85AB7162C200C7D00FE1829 /* HomeViewDelegate.swift in Sources */ = {isa = PBXBuildFile; fileRef = A85AB7152C200C7D00FE1829 /* HomeViewDelegate.swift */; };
		A85AB7182C200C8B00FE1829 /* HomeViewProtocol.swift in Sources */ = {isa = PBXBuildFile; fileRef = A85AB7172C200C8B00FE1829 /* HomeViewProtocol.swift */; };
		A85AB71A2C200C9A00FE1829 /* HomeView+Ext.swift in Sources */ = {isa = PBXBuildFile; fileRef = A85AB7192C200C9A00FE1829 /* HomeView+Ext.swift */; };
		A85AB71C2C200CAD00FE1829 /* HomeView+CollectionView.swift in Sources */ = {isa = PBXBuildFile; fileRef = A85AB71B2C200CAD00FE1829 /* HomeView+CollectionView.swift */; };
		A85AB71E2C200CC700FE1829 /* HomeViewController.swift in Sources */ = {isa = PBXBuildFile; fileRef = A85AB71D2C200CC700FE1829 /* HomeViewController.swift */; };
		A85AB7222C200F8C00FE1829 /* HomeCollectionViewCell.swift in Sources */ = {isa = PBXBuildFile; fileRef = A85AB7212C200F8C00FE1829 /* HomeCollectionViewCell.swift */; };
		A85AB72B2C20181000FE1829 /* NewsModel.swift in Sources */ = {isa = PBXBuildFile; fileRef = A85AB72A2C20181000FE1829 /* NewsModel.swift */; };
		A85AB72D2C20183400FE1829 /* NewsModelDelegate.swift in Sources */ = {isa = PBXBuildFile; fileRef = A85AB72C2C20183400FE1829 /* NewsModelDelegate.swift */; };
		A85AB72F2C20183F00FE1829 /* NewsModelProtocol.swift in Sources */ = {isa = PBXBuildFile; fileRef = A85AB72E2C20183F00FE1829 /* NewsModelProtocol.swift */; };
		A85AB7312C20184900FE1829 /* NewsModel+Ext.swift in Sources */ = {isa = PBXBuildFile; fileRef = A85AB7302C20184900FE1829 /* NewsModel+Ext.swift */; };
		A85AB7332C20186700FE1829 /* NewsView.swift in Sources */ = {isa = PBXBuildFile; fileRef = A85AB7322C20186700FE1829 /* NewsView.swift */; };
		A85AB7352C20187400FE1829 /* NewsViewDelegate.swift in Sources */ = {isa = PBXBuildFile; fileRef = A85AB7342C20187400FE1829 /* NewsViewDelegate.swift */; };
		A85AB7372C20187F00FE1829 /* NewsViewProtocol.swift in Sources */ = {isa = PBXBuildFile; fileRef = A85AB7362C20187F00FE1829 /* NewsViewProtocol.swift */; };
		A85AB7392C2018C700FE1829 /* NewsView+Ext.swift in Sources */ = {isa = PBXBuildFile; fileRef = A85AB7382C2018C700FE1829 /* NewsView+Ext.swift */; };
		A85AB73B2C2018DD00FE1829 /* NewsView+CollectionView.swift in Sources */ = {isa = PBXBuildFile; fileRef = A85AB73A2C2018DD00FE1829 /* NewsView+CollectionView.swift */; };
		A85AB73D2C2018F400FE1829 /* NewsViewController.swift in Sources */ = {isa = PBXBuildFile; fileRef = A85AB73C2C2018F400FE1829 /* NewsViewController.swift */; };
		A85AB73F2C20190200FE1829 /* NewsViewController+Ext.swift in Sources */ = {isa = PBXBuildFile; fileRef = A85AB73E2C20190200FE1829 /* NewsViewController+Ext.swift */; };
		A85AB7432C2360D800FE1829 /* NewsDetailsView.swift in Sources */ = {isa = PBXBuildFile; fileRef = A85AB7422C2360D800FE1829 /* NewsDetailsView.swift */; };
		A85AB7452C2360EB00FE1829 /* NewsDetailsViewDelegate.swift in Sources */ = {isa = PBXBuildFile; fileRef = A85AB7442C2360EB00FE1829 /* NewsDetailsViewDelegate.swift */; };
		A85AB7472C2360F500FE1829 /* NewsDetailsViewProtocol.swift in Sources */ = {isa = PBXBuildFile; fileRef = A85AB7462C2360F500FE1829 /* NewsDetailsViewProtocol.swift */; };
		A85AB7492C23610500FE1829 /* NewsDetailsView+Ext.swift in Sources */ = {isa = PBXBuildFile; fileRef = A85AB7482C23610500FE1829 /* NewsDetailsView+Ext.swift */; };
		A85AB74C2C2362CD00FE1829 /* NewsDetailsViewController.swift in Sources */ = {isa = PBXBuildFile; fileRef = A85AB74B2C2362CD00FE1829 /* NewsDetailsViewController.swift */; };
		A85AB74E2C23637000FE1829 /* NewsDetailsViewController+Ext.swift in Sources */ = {isa = PBXBuildFile; fileRef = A85AB74D2C23637000FE1829 /* NewsDetailsViewController+Ext.swift */; };
		A85AB7522C23698100FE1829 /* NewsDetailsViewControllerDelegate.swift in Sources */ = {isa = PBXBuildFile; fileRef = A85AB7512C23698100FE1829 /* NewsDetailsViewControllerDelegate.swift */; };
		A85AB7542C236A0600FE1829 /* NewsViewControllerDelegate.swift in Sources */ = {isa = PBXBuildFile; fileRef = A85AB7532C236A0600FE1829 /* NewsViewControllerDelegate.swift */; };
		A85AB7562C23709000FE1829 /* HomeViewController+Ext.swift in Sources */ = {isa = PBXBuildFile; fileRef = A85AB7552C23709000FE1829 /* HomeViewController+Ext.swift */; };
		A85AB7582C2851C400FE1829 /* ArticleCollectionViewCellDelegate.swift in Sources */ = {isa = PBXBuildFile; fileRef = A85AB7572C2851C400FE1829 /* ArticleCollectionViewCellDelegate.swift */; };
		A85AB75F2C285EB700FE1829 /* FavoriteModel.swift in Sources */ = {isa = PBXBuildFile; fileRef = A85AB75E2C285EB700FE1829 /* FavoriteModel.swift */; };
		A85AB7612C285EC400FE1829 /* FavoriteModelDelegate.swift in Sources */ = {isa = PBXBuildFile; fileRef = A85AB7602C285EC400FE1829 /* FavoriteModelDelegate.swift */; };
		A85AB7632C285EEE00FE1829 /* FavoriteModelProtocol.swift in Sources */ = {isa = PBXBuildFile; fileRef = A85AB7622C285EEE00FE1829 /* FavoriteModelProtocol.swift */; };
		A85AB7652C285EFF00FE1829 /* FavoriteModel+Ext.swift in Sources */ = {isa = PBXBuildFile; fileRef = A85AB7642C285EFF00FE1829 /* FavoriteModel+Ext.swift */; };
		A85AB7692C28616500FE1829 /* FavoriteViewController.swift in Sources */ = {isa = PBXBuildFile; fileRef = A85AB7682C28616500FE1829 /* FavoriteViewController.swift */; };
		A85AB76B2C28626100FE1829 /* FavoriteViewController+Ext.swift in Sources */ = {isa = PBXBuildFile; fileRef = A85AB76A2C28626100FE1829 /* FavoriteViewController+Ext.swift */; };
/* End PBXBuildFile section */

/* Begin PBXFileReference section */
		A823EE6E2C10651E001BF6A6 /* News.app */ = {isa = PBXFileReference; explicitFileType = wrapper.application; includeInIndex = 0; path = News.app; sourceTree = BUILT_PRODUCTS_DIR; };
		A823EE712C10651E001BF6A6 /* AppDelegate.swift */ = {isa = PBXFileReference; lastKnownFileType = sourcecode.swift; path = AppDelegate.swift; sourceTree = "<group>"; };
		A823EE732C10651E001BF6A6 /* SceneDelegate.swift */ = {isa = PBXFileReference; lastKnownFileType = sourcecode.swift; path = SceneDelegate.swift; sourceTree = "<group>"; };
		A823EE7B2C10651E001BF6A6 /* NewsClient.xcdatamodel */ = {isa = PBXFileReference; lastKnownFileType = wrapper.xcdatamodel; path = NewsClient.xcdatamodel; sourceTree = "<group>"; };
		A823EE7D2C10651F001BF6A6 /* Assets.xcassets */ = {isa = PBXFileReference; lastKnownFileType = folder.assetcatalog; path = Assets.xcassets; sourceTree = "<group>"; };
		A823EE802C10651F001BF6A6 /* Base */ = {isa = PBXFileReference; lastKnownFileType = file.storyboard; name = Base; path = Base.lproj/LaunchScreen.storyboard; sourceTree = "<group>"; };
		A823EE822C10651F001BF6A6 /* Info.plist */ = {isa = PBXFileReference; lastKnownFileType = text.plist.xml; path = Info.plist; sourceTree = "<group>"; };
		A823EE8A2C107171001BF6A6 /* MainTabBarController.swift */ = {isa = PBXFileReference; lastKnownFileType = sourcecode.swift; path = MainTabBarController.swift; sourceTree = "<group>"; };
		A823EE932C109651001BF6A6 /* NetworkService.swift */ = {isa = PBXFileReference; lastKnownFileType = sourcecode.swift; path = NetworkService.swift; sourceTree = "<group>"; };
		A823EE952C1096BE001BF6A6 /* APIConstant.swift */ = {isa = PBXFileReference; lastKnownFileType = sourcecode.swift; path = APIConstant.swift; sourceTree = "<group>"; };
		A823EE972C109AE7001BF6A6 /* NetworkServiceProtocol.swift */ = {isa = PBXFileReference; lastKnownFileType = sourcecode.swift; path = NetworkServiceProtocol.swift; sourceTree = "<group>"; };
		A823EE992C109B23001BF6A6 /* NetworkService+News.swift */ = {isa = PBXFileReference; lastKnownFileType = sourcecode.swift; path = "NetworkService+News.swift"; sourceTree = "<group>"; };
		A823EE9F2C10A34E001BF6A6 /* DMNewsModel.swift */ = {isa = PBXFileReference; lastKnownFileType = sourcecode.swift; path = DMNewsModel.swift; sourceTree = "<group>"; };
		A823EEAA2C10A84D001BF6A6 /* ServiceProvider.swift */ = {isa = PBXFileReference; lastKnownFileType = sourcecode.swift; path = ServiceProvider.swift; sourceTree = "<group>"; };
		A823EEAE2C10AB03001BF6A6 /* BaseViewController.swift */ = {isa = PBXFileReference; lastKnownFileType = sourcecode.swift; path = BaseViewController.swift; sourceTree = "<group>"; };
		A823EEB52C10B041001BF6A6 /* DMNewsError.swift */ = {isa = PBXFileReference; lastKnownFileType = sourcecode.swift; path = DMNewsError.swift; sourceTree = "<group>"; };
		A823EEB82C19989B001BF6A6 /* CoreDataService.swift */ = {isa = PBXFileReference; lastKnownFileType = sourcecode.swift; path = CoreDataService.swift; sourceTree = "<group>"; };
		A823EEBA2C19992C001BF6A6 /* CoreDataServiceProtocol.swift */ = {isa = PBXFileReference; lastKnownFileType = sourcecode.swift; path = CoreDataServiceProtocol.swift; sourceTree = "<group>"; };
		A823EEBC2C1999CB001BF6A6 /* CoreDataService+News.swift */ = {isa = PBXFileReference; lastKnownFileType = sourcecode.swift; path = "CoreDataService+News.swift"; sourceTree = "<group>"; };
		A824BF622C2EE22800B436F9 /* SearchModel.swift */ = {isa = PBXFileReference; lastKnownFileType = sourcecode.swift; path = SearchModel.swift; sourceTree = "<group>"; };
		A824BF642C2EE23900B436F9 /* SearchModelDelegate.swift */ = {isa = PBXFileReference; lastKnownFileType = sourcecode.swift; path = SearchModelDelegate.swift; sourceTree = "<group>"; };
		A824BF662C2EE24500B436F9 /* SearchModelProtocol.swift */ = {isa = PBXFileReference; lastKnownFileType = sourcecode.swift; path = SearchModelProtocol.swift; sourceTree = "<group>"; };
		A824BF682C2EE25000B436F9 /* SearchModel+Ext.swift */ = {isa = PBXFileReference; lastKnownFileType = sourcecode.swift; path = "SearchModel+Ext.swift"; sourceTree = "<group>"; };
		A824BF6B2C2EE27900B436F9 /* SearchViewController.swift */ = {isa = PBXFileReference; lastKnownFileType = sourcecode.swift; path = SearchViewController.swift; sourceTree = "<group>"; };
		A824BF6D2C2EE28300B436F9 /* SearchViewController+Ext.swift */ = {isa = PBXFileReference; lastKnownFileType = sourcecode.swift; path = "SearchViewController+Ext.swift"; sourceTree = "<group>"; };
		A824BF732C303E7200B436F9 /* SettingsViewController.swift */ = {isa = PBXFileReference; lastKnownFileType = sourcecode.swift; path = SettingsViewController.swift; sourceTree = "<group>"; };
		A824BF752C30408400B436F9 /* Theme.swift */ = {isa = PBXFileReference; lastKnownFileType = sourcecode.swift; path = Theme.swift; sourceTree = "<group>"; };
		A824BF782C3051E000B436F9 /* SettingsModel.swift */ = {isa = PBXFileReference; lastKnownFileType = sourcecode.swift; path = SettingsModel.swift; sourceTree = "<group>"; };
		A824BF7A2C3051ED00B436F9 /* SettingsModelDelegate.swift */ = {isa = PBXFileReference; lastKnownFileType = sourcecode.swift; path = SettingsModelDelegate.swift; sourceTree = "<group>"; };
		A824BF7C2C3051FB00B436F9 /* SettingsModelProtocol.swift */ = {isa = PBXFileReference; lastKnownFileType = sourcecode.swift; path = SettingsModelProtocol.swift; sourceTree = "<group>"; };
		A824BF7E2C30520700B436F9 /* SettingsModel+Ext.swift */ = {isa = PBXFileReference; lastKnownFileType = sourcecode.swift; path = "SettingsModel+Ext.swift"; sourceTree = "<group>"; };
		A824BF802C30522F00B436F9 /* SettingsView.swift */ = {isa = PBXFileReference; lastKnownFileType = sourcecode.swift; path = SettingsView.swift; sourceTree = "<group>"; };
		A824BF822C30524000B436F9 /* SettingsViewDelegate.swift */ = {isa = PBXFileReference; lastKnownFileType = sourcecode.swift; path = SettingsViewDelegate.swift; sourceTree = "<group>"; };
		A824BF842C30524A00B436F9 /* SettingsViewProtocol.swift */ = {isa = PBXFileReference; lastKnownFileType = sourcecode.swift; path = SettingsViewProtocol.swift; sourceTree = "<group>"; };
		A824BF862C30525200B436F9 /* SettingsView+Ext.swift */ = {isa = PBXFileReference; lastKnownFileType = sourcecode.swift; path = "SettingsView+Ext.swift"; sourceTree = "<group>"; };
		A824BF882C30547D00B436F9 /* SettingsView+TableView.swift */ = {isa = PBXFileReference; lastKnownFileType = sourcecode.swift; path = "SettingsView+TableView.swift"; sourceTree = "<group>"; };
		A824BF8A2C30558D00B436F9 /* SettingsViewController+Ext.swift */ = {isa = PBXFileReference; lastKnownFileType = sourcecode.swift; path = "SettingsViewController+Ext.swift"; sourceTree = "<group>"; };
		A824BF8C2C30578C00B436F9 /* SettingsDataModel.swift */ = {isa = PBXFileReference; lastKnownFileType = sourcecode.swift; path = SettingsDataModel.swift; sourceTree = "<group>"; };
		A824BF8E2C306E6C00B436F9 /* uk */ = {isa = PBXFileReference; lastKnownFileType = text.plist.strings; name = uk; path = uk.lproj/LaunchScreen.strings; sourceTree = "<group>"; };
		A824BF902C306F6700B436F9 /* en */ = {isa = PBXFileReference; lastKnownFileType = text.plist.strings; name = en; path = en.lproj/Localizable.strings; sourceTree = "<group>"; };
		A824BF922C306F9E00B436F9 /* uk */ = {isa = PBXFileReference; lastKnownFileType = text.plist.strings; name = uk; path = uk.lproj/Localizable.strings; sourceTree = "<group>"; };
		A824BF932C3070D900B436F9 /* String+Ext.swift */ = {isa = PBXFileReference; lastKnownFileType = sourcecode.swift; path = "String+Ext.swift"; sourceTree = "<group>"; };
		A824BF952C30710A00B436F9 /* DefaultManager.swift */ = {isa = PBXFileReference; lastKnownFileType = sourcecode.swift; path = DefaultManager.swift; sourceTree = "<group>"; };
		A824BF9B2C3134A800B436F9 /* WelcomeViewController.swift */ = {isa = PBXFileReference; lastKnownFileType = sourcecode.swift; path = WelcomeViewController.swift; sourceTree = "<group>"; };
		A824BF9D2C3134BE00B436F9 /* WelcomeModel.swift */ = {isa = PBXFileReference; lastKnownFileType = sourcecode.swift; path = WelcomeModel.swift; sourceTree = "<group>"; };
		A824BF9F2C3134CA00B436F9 /* WelcomeModelDelegate.swift */ = {isa = PBXFileReference; lastKnownFileType = sourcecode.swift; path = WelcomeModelDelegate.swift; sourceTree = "<group>"; };
		A824BFA12C3134D500B436F9 /* WelcomeModelProtocol.swift */ = {isa = PBXFileReference; lastKnownFileType = sourcecode.swift; path = WelcomeModelProtocol.swift; sourceTree = "<group>"; };
		A824BFA32C3134E000B436F9 /* WelcomeModel+Ext.swift */ = {isa = PBXFileReference; lastKnownFileType = sourcecode.swift; path = "WelcomeModel+Ext.swift"; sourceTree = "<group>"; };
		A824BFA52C3134FB00B436F9 /* WelcomeView.swift */ = {isa = PBXFileReference; lastKnownFileType = sourcecode.swift; path = WelcomeView.swift; sourceTree = "<group>"; };
		A824BFA72C31351300B436F9 /* WelcomeViewDelegate.swift */ = {isa = PBXFileReference; lastKnownFileType = sourcecode.swift; path = WelcomeViewDelegate.swift; sourceTree = "<group>"; };
		A824BFA92C31352200B436F9 /* WelcomeViewProtocol.swift */ = {isa = PBXFileReference; lastKnownFileType = sourcecode.swift; path = WelcomeViewProtocol.swift; sourceTree = "<group>"; };
		A824BFAB2C31353500B436F9 /* WelcomeView+Ext.swift */ = {isa = PBXFileReference; lastKnownFileType = sourcecode.swift; path = "WelcomeView+Ext.swift"; sourceTree = "<group>"; };
		A824BFAD2C3138E800B436F9 /* WelcomeViewController+Ext.swift */ = {isa = PBXFileReference; lastKnownFileType = sourcecode.swift; path = "WelcomeViewController+Ext.swift"; sourceTree = "<group>"; };
		A824BFB02C31468700B436F9 /* WelcomeCollectionViewCell.swift */ = {isa = PBXFileReference; lastKnownFileType = sourcecode.swift; path = WelcomeCollectionViewCell.swift; sourceTree = "<group>"; };
		A824BFB22C31480C00B436F9 /* WelcomeView+CollectionView.swift */ = {isa = PBXFileReference; lastKnownFileType = sourcecode.swift; path = "WelcomeView+CollectionView.swift"; sourceTree = "<group>"; };
		A824BFB42C31512300B436F9 /* Category.swift */ = {isa = PBXFileReference; lastKnownFileType = sourcecode.swift; path = Category.swift; sourceTree = "<group>"; };
		A824BFB62C31515100B436F9 /* Country.swift */ = {isa = PBXFileReference; lastKnownFileType = sourcecode.swift; path = Country.swift; sourceTree = "<group>"; };
		A83A171C2C3EDDEB0032A03C /* SearchInfoView.swift */ = {isa = PBXFileReference; lastKnownFileType = sourcecode.swift; path = SearchInfoView.swift; sourceTree = "<group>"; };
		A83A17202C4124D40032A03C /* PlaceholderDataModel.swift */ = {isa = PBXFileReference; lastKnownFileType = sourcecode.swift; path = PlaceholderDataModel.swift; sourceTree = "<group>"; };
		A83A17222C4129950032A03C /* NewsPlaceholderView.swift */ = {isa = PBXFileReference; lastKnownFileType = sourcecode.swift; path = NewsPlaceholderView.swift; sourceTree = "<group>"; };
		A83A17262C415C4C0032A03C /* SearchInfoViewProtocol.swift */ = {isa = PBXFileReference; lastKnownFileType = sourcecode.swift; path = SearchInfoViewProtocol.swift; sourceTree = "<group>"; };
		A83A17282C415C5C0032A03C /* SearchInfoViewDelegate.swift */ = {isa = PBXFileReference; lastKnownFileType = sourcecode.swift; path = SearchInfoViewDelegate.swift; sourceTree = "<group>"; };
		A83A172A2C415CFE0032A03C /* SearchInfoView+Ext.swift */ = {isa = PBXFileReference; lastKnownFileType = sourcecode.swift; path = "SearchInfoView+Ext.swift"; sourceTree = "<group>"; };
		A83A178A2C42D9F60032A03C /* Bundle+Ext.swift */ = {isa = PBXFileReference; lastKnownFileType = sourcecode.swift; path = "Bundle+Ext.swift"; sourceTree = "<group>"; };
		A83A178C2C43C1A60032A03C /* AppStrings.swift */ = {isa = PBXFileReference; lastKnownFileType = sourcecode.swift; path = AppStrings.swift; sourceTree = "<group>"; };
		A83A17902C43E0970032A03C /* TimeConverter.swift */ = {isa = PBXFileReference; lastKnownFileType = sourcecode.swift; path = TimeConverter.swift; sourceTree = "<group>"; };
		A83A17952C442C200032A03C /* CommonFunctions.swift */ = {isa = PBXFileReference; lastKnownFileType = sourcecode.swift; path = CommonFunctions.swift; sourceTree = "<group>"; };
		A85AB6DC2C19E04100FE1829 /* ArticleDataModel.swift */ = {isa = PBXFileReference; lastKnownFileType = sourcecode.swift; path = ArticleDataModel.swift; sourceTree = "<group>"; };
		A85AB6DE2C19E6D100FE1829 /* Constants.swift */ = {isa = PBXFileReference; lastKnownFileType = sourcecode.swift; path = Constants.swift; sourceTree = "<group>"; };
		A85AB6EE2C19F35B00FE1829 /* ArticleCollectionViewCell.swift */ = {isa = PBXFileReference; lastKnownFileType = sourcecode.swift; path = ArticleCollectionViewCell.swift; sourceTree = "<group>"; };
		A85AB6F12C19F53300FE1829 /* UICollectionViewCell+Idintifier.swift */ = {isa = PBXFileReference; lastKnownFileType = sourcecode.swift; path = "UICollectionViewCell+Idintifier.swift"; sourceTree = "<group>"; };
		A85AB6F32C1C8DA500FE1829 /* UIImageView+Ext.swift */ = {isa = PBXFileReference; lastKnownFileType = sourcecode.swift; path = "UIImageView+Ext.swift"; sourceTree = "<group>"; };
		A85AB6F82C1EF27F00FE1829 /* CategoryCollectionViewCell.swift */ = {isa = PBXFileReference; lastKnownFileType = sourcecode.swift; path = CategoryCollectionViewCell.swift; sourceTree = "<group>"; };
		A85AB6FA2C1EF52B00FE1829 /* CategoryView.swift */ = {isa = PBXFileReference; lastKnownFileType = sourcecode.swift; path = CategoryView.swift; sourceTree = "<group>"; };
		A85AB6FE2C1EFA1D00FE1829 /* CategoryViewDelegate.swift */ = {isa = PBXFileReference; lastKnownFileType = sourcecode.swift; path = CategoryViewDelegate.swift; sourceTree = "<group>"; };
		A85AB7002C1EFA2900FE1829 /* CategoryViewProtocol.swift */ = {isa = PBXFileReference; lastKnownFileType = sourcecode.swift; path = CategoryViewProtocol.swift; sourceTree = "<group>"; };
		A85AB7022C1EFA3A00FE1829 /* CategoryView+Ext.swift */ = {isa = PBXFileReference; lastKnownFileType = sourcecode.swift; path = "CategoryView+Ext.swift"; sourceTree = "<group>"; };
		A85AB7042C1EFA4700FE1829 /* CategoryView+CollectionView.swift */ = {isa = PBXFileReference; lastKnownFileType = sourcecode.swift; path = "CategoryView+CollectionView.swift"; sourceTree = "<group>"; };
		A85AB70B2C200C1000FE1829 /* HomeModel.swift */ = {isa = PBXFileReference; lastKnownFileType = sourcecode.swift; path = HomeModel.swift; sourceTree = "<group>"; };
		A85AB70D2C200C2700FE1829 /* HomeModelDelegate.swift */ = {isa = PBXFileReference; lastKnownFileType = sourcecode.swift; path = HomeModelDelegate.swift; sourceTree = "<group>"; };
		A85AB70F2C200C4100FE1829 /* HomeModelProtocol.swift */ = {isa = PBXFileReference; lastKnownFileType = sourcecode.swift; path = HomeModelProtocol.swift; sourceTree = "<group>"; };
		A85AB7112C200C5400FE1829 /* HomeModel+Ext.swift */ = {isa = PBXFileReference; lastKnownFileType = sourcecode.swift; path = "HomeModel+Ext.swift"; sourceTree = "<group>"; };
		A85AB7132C200C7000FE1829 /* HomeView.swift */ = {isa = PBXFileReference; lastKnownFileType = sourcecode.swift; path = HomeView.swift; sourceTree = "<group>"; };
		A85AB7152C200C7D00FE1829 /* HomeViewDelegate.swift */ = {isa = PBXFileReference; lastKnownFileType = sourcecode.swift; path = HomeViewDelegate.swift; sourceTree = "<group>"; };
		A85AB7172C200C8B00FE1829 /* HomeViewProtocol.swift */ = {isa = PBXFileReference; lastKnownFileType = sourcecode.swift; path = HomeViewProtocol.swift; sourceTree = "<group>"; };
		A85AB7192C200C9A00FE1829 /* HomeView+Ext.swift */ = {isa = PBXFileReference; lastKnownFileType = sourcecode.swift; path = "HomeView+Ext.swift"; sourceTree = "<group>"; };
		A85AB71B2C200CAD00FE1829 /* HomeView+CollectionView.swift */ = {isa = PBXFileReference; lastKnownFileType = sourcecode.swift; path = "HomeView+CollectionView.swift"; sourceTree = "<group>"; };
		A85AB71D2C200CC700FE1829 /* HomeViewController.swift */ = {isa = PBXFileReference; lastKnownFileType = sourcecode.swift; path = HomeViewController.swift; sourceTree = "<group>"; };
		A85AB7212C200F8C00FE1829 /* HomeCollectionViewCell.swift */ = {isa = PBXFileReference; lastKnownFileType = sourcecode.swift; path = HomeCollectionViewCell.swift; sourceTree = "<group>"; };
		A85AB72A2C20181000FE1829 /* NewsModel.swift */ = {isa = PBXFileReference; lastKnownFileType = sourcecode.swift; path = NewsModel.swift; sourceTree = "<group>"; };
		A85AB72C2C20183400FE1829 /* NewsModelDelegate.swift */ = {isa = PBXFileReference; lastKnownFileType = sourcecode.swift; path = NewsModelDelegate.swift; sourceTree = "<group>"; };
		A85AB72E2C20183F00FE1829 /* NewsModelProtocol.swift */ = {isa = PBXFileReference; lastKnownFileType = sourcecode.swift; path = NewsModelProtocol.swift; sourceTree = "<group>"; };
		A85AB7302C20184900FE1829 /* NewsModel+Ext.swift */ = {isa = PBXFileReference; lastKnownFileType = sourcecode.swift; path = "NewsModel+Ext.swift"; sourceTree = "<group>"; };
		A85AB7322C20186700FE1829 /* NewsView.swift */ = {isa = PBXFileReference; lastKnownFileType = sourcecode.swift; path = NewsView.swift; sourceTree = "<group>"; };
		A85AB7342C20187400FE1829 /* NewsViewDelegate.swift */ = {isa = PBXFileReference; lastKnownFileType = sourcecode.swift; path = NewsViewDelegate.swift; sourceTree = "<group>"; };
		A85AB7362C20187F00FE1829 /* NewsViewProtocol.swift */ = {isa = PBXFileReference; lastKnownFileType = sourcecode.swift; path = NewsViewProtocol.swift; sourceTree = "<group>"; };
		A85AB7382C2018C700FE1829 /* NewsView+Ext.swift */ = {isa = PBXFileReference; lastKnownFileType = sourcecode.swift; path = "NewsView+Ext.swift"; sourceTree = "<group>"; };
		A85AB73A2C2018DD00FE1829 /* NewsView+CollectionView.swift */ = {isa = PBXFileReference; lastKnownFileType = sourcecode.swift; path = "NewsView+CollectionView.swift"; sourceTree = "<group>"; };
		A85AB73C2C2018F400FE1829 /* NewsViewController.swift */ = {isa = PBXFileReference; lastKnownFileType = sourcecode.swift; path = NewsViewController.swift; sourceTree = "<group>"; };
		A85AB73E2C20190200FE1829 /* NewsViewController+Ext.swift */ = {isa = PBXFileReference; lastKnownFileType = sourcecode.swift; path = "NewsViewController+Ext.swift"; sourceTree = "<group>"; };
		A85AB7422C2360D800FE1829 /* NewsDetailsView.swift */ = {isa = PBXFileReference; lastKnownFileType = sourcecode.swift; path = NewsDetailsView.swift; sourceTree = "<group>"; };
		A85AB7442C2360EB00FE1829 /* NewsDetailsViewDelegate.swift */ = {isa = PBXFileReference; lastKnownFileType = sourcecode.swift; path = NewsDetailsViewDelegate.swift; sourceTree = "<group>"; };
		A85AB7462C2360F500FE1829 /* NewsDetailsViewProtocol.swift */ = {isa = PBXFileReference; lastKnownFileType = sourcecode.swift; path = NewsDetailsViewProtocol.swift; sourceTree = "<group>"; };
		A85AB7482C23610500FE1829 /* NewsDetailsView+Ext.swift */ = {isa = PBXFileReference; lastKnownFileType = sourcecode.swift; path = "NewsDetailsView+Ext.swift"; sourceTree = "<group>"; };
		A85AB74B2C2362CD00FE1829 /* NewsDetailsViewController.swift */ = {isa = PBXFileReference; lastKnownFileType = sourcecode.swift; path = NewsDetailsViewController.swift; sourceTree = "<group>"; };
		A85AB74D2C23637000FE1829 /* NewsDetailsViewController+Ext.swift */ = {isa = PBXFileReference; lastKnownFileType = sourcecode.swift; path = "NewsDetailsViewController+Ext.swift"; sourceTree = "<group>"; };
		A85AB7512C23698100FE1829 /* NewsDetailsViewControllerDelegate.swift */ = {isa = PBXFileReference; lastKnownFileType = sourcecode.swift; path = NewsDetailsViewControllerDelegate.swift; sourceTree = "<group>"; };
		A85AB7532C236A0600FE1829 /* NewsViewControllerDelegate.swift */ = {isa = PBXFileReference; lastKnownFileType = sourcecode.swift; path = NewsViewControllerDelegate.swift; sourceTree = "<group>"; };
		A85AB7552C23709000FE1829 /* HomeViewController+Ext.swift */ = {isa = PBXFileReference; lastKnownFileType = sourcecode.swift; path = "HomeViewController+Ext.swift"; sourceTree = "<group>"; };
		A85AB7572C2851C400FE1829 /* ArticleCollectionViewCellDelegate.swift */ = {isa = PBXFileReference; lastKnownFileType = sourcecode.swift; path = ArticleCollectionViewCellDelegate.swift; sourceTree = "<group>"; };
		A85AB75E2C285EB700FE1829 /* FavoriteModel.swift */ = {isa = PBXFileReference; lastKnownFileType = sourcecode.swift; path = FavoriteModel.swift; sourceTree = "<group>"; };
		A85AB7602C285EC400FE1829 /* FavoriteModelDelegate.swift */ = {isa = PBXFileReference; lastKnownFileType = sourcecode.swift; path = FavoriteModelDelegate.swift; sourceTree = "<group>"; };
		A85AB7622C285EEE00FE1829 /* FavoriteModelProtocol.swift */ = {isa = PBXFileReference; lastKnownFileType = sourcecode.swift; path = FavoriteModelProtocol.swift; sourceTree = "<group>"; };
		A85AB7642C285EFF00FE1829 /* FavoriteModel+Ext.swift */ = {isa = PBXFileReference; lastKnownFileType = sourcecode.swift; path = "FavoriteModel+Ext.swift"; sourceTree = "<group>"; };
		A85AB7682C28616500FE1829 /* FavoriteViewController.swift */ = {isa = PBXFileReference; lastKnownFileType = sourcecode.swift; path = FavoriteViewController.swift; sourceTree = "<group>"; };
		A85AB76A2C28626100FE1829 /* FavoriteViewController+Ext.swift */ = {isa = PBXFileReference; lastKnownFileType = sourcecode.swift; path = "FavoriteViewController+Ext.swift"; sourceTree = "<group>"; };
/* End PBXFileReference section */

/* Begin PBXFrameworksBuildPhase section */
		A823EE6B2C10651E001BF6A6 /* Frameworks */ = {
			isa = PBXFrameworksBuildPhase;
			buildActionMask = 2147483647;
			files = (
				A85AB6F72C1D7AFF00FE1829 /* Kingfisher in Frameworks */,
			);
			runOnlyForDeploymentPostprocessing = 0;
		};
/* End PBXFrameworksBuildPhase section */

/* Begin PBXGroup section */
		A80469922C2C7A0A00178BEE /* toDELETE */ = {
			isa = PBXGroup;
			children = (
				A85AB6F32C1C8DA500FE1829 /* UIImageView+Ext.swift */,
			);
			path = toDELETE;
			sourceTree = "<group>";
		};
		A823EE652C10651E001BF6A6 = {
			isa = PBXGroup;
			children = (
				A824BF8F2C306F6700B436F9 /* Localizable.strings */,
				A823EE702C10651E001BF6A6 /* NewsClient */,
				A823EE6F2C10651E001BF6A6 /* Products */,
			);
			sourceTree = "<group>";
		};
		A823EE6F2C10651E001BF6A6 /* Products */ = {
			isa = PBXGroup;
			children = (
				A823EE6E2C10651E001BF6A6 /* News.app */,
			);
			name = Products;
			sourceTree = "<group>";
		};
		A823EE702C10651E001BF6A6 /* NewsClient */ = {
			isa = PBXGroup;
			children = (
				A80469922C2C7A0A00178BEE /* toDELETE */,
				A85AB6F02C19F51900FE1829 /* Extensions */,
				A823EEA92C10A838001BF6A6 /* Common */,
				A823EE8C2C107207001BF6A6 /* Resource */,
				A823EE8D2C1072A1001BF6A6 /* Source */,
			);
			path = NewsClient;
			sourceTree = "<group>";
		};
		A823EE8C2C107207001BF6A6 /* Resource */ = {
			isa = PBXGroup;
			children = (
				A823EE7D2C10651F001BF6A6 /* Assets.xcassets */,
				A823EE7F2C10651F001BF6A6 /* LaunchScreen.storyboard */,
				A823EE822C10651F001BF6A6 /* Info.plist */,
				A823EE7A2C10651E001BF6A6 /* NewsClientData.xcdatamodeld */,
			);
			path = Resource;
			sourceTree = "<group>";
		};
		A823EE8D2C1072A1001BF6A6 /* Source */ = {
			isa = PBXGroup;
			children = (
				A823EE9D2C10A2FE001BF6A6 /* Models */,
				A823EE8E2C1072C5001BF6A6 /* Screens */,
				A823EE912C1095EC001BF6A6 /* Services */,
			);
			path = Source;
			sourceTree = "<group>";
		};
		A823EE8E2C1072C5001BF6A6 /* Screens */ = {
			isa = PBXGroup;
			children = (
				A823EE8F2C1072CE001BF6A6 /* App */,
				A83A17942C440B460032A03C /* Base */,
				A824BF972C31342200B436F9 /* Welcome */,
				A823EE902C1072D7001BF6A6 /* Main */,
				A85AB7232C20158200FE1829 /* News */,
				A85AB7062C200B4100FE1829 /* Home */,
				A85AB7592C285E4E00FE1829 /* Search */,
				A85AB75A2C285E6C00FE1829 /* Favorite */,
				A824BF6F2C303DD200B436F9 /* Settings */,
			);
			path = Screens;
			sourceTree = "<group>";
		};
		A823EE8F2C1072CE001BF6A6 /* App */ = {
			isa = PBXGroup;
			children = (
				A823EE712C10651E001BF6A6 /* AppDelegate.swift */,
				A823EE732C10651E001BF6A6 /* SceneDelegate.swift */,
			);
			path = App;
			sourceTree = "<group>";
		};
		A823EE902C1072D7001BF6A6 /* Main */ = {
			isa = PBXGroup;
			children = (
				A823EE8A2C107171001BF6A6 /* MainTabBarController.swift */,
			);
			path = Main;
			sourceTree = "<group>";
		};
		A823EE912C1095EC001BF6A6 /* Services */ = {
			isa = PBXGroup;
			children = (
				A823EEB72C19987A001BF6A6 /* CoreData */,
				A823EE922C109627001BF6A6 /* Network */,
			);
			path = Services;
			sourceTree = "<group>";
		};
		A823EE922C109627001BF6A6 /* Network */ = {
			isa = PBXGroup;
			children = (
				A823EE932C109651001BF6A6 /* NetworkService.swift */,
				A823EE972C109AE7001BF6A6 /* NetworkServiceProtocol.swift */,
				A823EE952C1096BE001BF6A6 /* APIConstant.swift */,
				A823EE992C109B23001BF6A6 /* NetworkService+News.swift */,
			);
			path = Network;
			sourceTree = "<group>";
		};
		A823EE9D2C10A2FE001BF6A6 /* Models */ = {
			isa = PBXGroup;
			children = (
				A85AB6DB2C19DFA900FE1829 /* DataModel */,
				A823EE9E2C10A33B001BF6A6 /* API */,
			);
			path = Models;
			sourceTree = "<group>";
		};
		A823EE9E2C10A33B001BF6A6 /* API */ = {
			isa = PBXGroup;
			children = (
				A823EE9F2C10A34E001BF6A6 /* DMNewsModel.swift */,
				A823EEB52C10B041001BF6A6 /* DMNewsError.swift */,
			);
			path = API;
			sourceTree = "<group>";
		};
		A823EEA92C10A838001BF6A6 /* Common */ = {
			isa = PBXGroup;
			children = (
				A83A178C2C43C1A60032A03C /* AppStrings.swift */,
				A824BFB42C31512300B436F9 /* Category.swift */,
				A83A17952C442C200032A03C /* CommonFunctions.swift */,
				A85AB6DE2C19E6D100FE1829 /* Constants.swift */,
				A824BFB62C31515100B436F9 /* Country.swift */,
				A824BF952C30710A00B436F9 /* DefaultManager.swift */,
				A823EEAA2C10A84D001BF6A6 /* ServiceProvider.swift */,
				A824BF752C30408400B436F9 /* Theme.swift */,
				A83A17902C43E0970032A03C /* TimeConverter.swift */,
			);
			path = Common;
			sourceTree = "<group>";
		};
		A823EEB72C19987A001BF6A6 /* CoreData */ = {
			isa = PBXGroup;
			children = (
				A823EEB82C19989B001BF6A6 /* CoreDataService.swift */,
				A823EEBA2C19992C001BF6A6 /* CoreDataServiceProtocol.swift */,
				A823EEBC2C1999CB001BF6A6 /* CoreDataService+News.swift */,
			);
			path = CoreData;
			sourceTree = "<group>";
		};
		A824BF612C2EE21400B436F9 /* Model */ = {
			isa = PBXGroup;
			children = (
				A824BF682C2EE25000B436F9 /* SearchModel+Ext.swift */,
				A824BF622C2EE22800B436F9 /* SearchModel.swift */,
				A824BF642C2EE23900B436F9 /* SearchModelDelegate.swift */,
				A824BF662C2EE24500B436F9 /* SearchModelProtocol.swift */,
			);
			path = Model;
			sourceTree = "<group>";
		};
		A824BF6A2C2EE25D00B436F9 /* Controller */ = {
			isa = PBXGroup;
			children = (
				A824BF6D2C2EE28300B436F9 /* SearchViewController+Ext.swift */,
				A824BF6B2C2EE27900B436F9 /* SearchViewController.swift */,
			);
			path = Controller;
			sourceTree = "<group>";
		};
		A824BF6F2C303DD200B436F9 /* Settings */ = {
			isa = PBXGroup;
			children = (
				A824BF702C303DED00B436F9 /* Model */,
				A824BF772C30513400B436F9 /* View */,
				A824BF722C303DF800B436F9 /* Controller */,
			);
			path = Settings;
			sourceTree = "<group>";
		};
		A824BF702C303DED00B436F9 /* Model */ = {
			isa = PBXGroup;
			children = (
				A824BF7E2C30520700B436F9 /* SettingsModel+Ext.swift */,
				A824BF782C3051E000B436F9 /* SettingsModel.swift */,
				A824BF7A2C3051ED00B436F9 /* SettingsModelDelegate.swift */,
				A824BF7C2C3051FB00B436F9 /* SettingsModelProtocol.swift */,
			);
			path = Model;
			sourceTree = "<group>";
		};
		A824BF722C303DF800B436F9 /* Controller */ = {
			isa = PBXGroup;
			children = (
				A824BF8A2C30558D00B436F9 /* SettingsViewController+Ext.swift */,
				A824BF732C303E7200B436F9 /* SettingsViewController.swift */,
			);
			path = Controller;
			sourceTree = "<group>";
		};
		A824BF772C30513400B436F9 /* View */ = {
			isa = PBXGroup;
			children = (
				A824BF882C30547D00B436F9 /* SettingsView+TableView.swift */,
				A824BF862C30525200B436F9 /* SettingsView+Ext.swift */,
				A824BF802C30522F00B436F9 /* SettingsView.swift */,
				A824BF822C30524000B436F9 /* SettingsViewDelegate.swift */,
				A824BF842C30524A00B436F9 /* SettingsViewProtocol.swift */,
			);
			path = View;
			sourceTree = "<group>";
		};
		A824BF972C31342200B436F9 /* Welcome */ = {
			isa = PBXGroup;
			children = (
				A824BFAF2C31465300B436F9 /* Cell */,
				A824BF982C31346B00B436F9 /* Model */,
				A824BF992C31347200B436F9 /* View */,
				A824BF9A2C31348300B436F9 /* Controller */,
			);
			path = Welcome;
			sourceTree = "<group>";
		};
		A824BF982C31346B00B436F9 /* Model */ = {
			isa = PBXGroup;
			children = (
				A824BFA32C3134E000B436F9 /* WelcomeModel+Ext.swift */,
				A824BF9D2C3134BE00B436F9 /* WelcomeModel.swift */,
				A824BF9F2C3134CA00B436F9 /* WelcomeModelDelegate.swift */,
				A824BFA12C3134D500B436F9 /* WelcomeModelProtocol.swift */,
			);
			path = Model;
			sourceTree = "<group>";
		};
		A824BF992C31347200B436F9 /* View */ = {
			isa = PBXGroup;
			children = (
				A824BFB22C31480C00B436F9 /* WelcomeView+CollectionView.swift */,
				A824BFAB2C31353500B436F9 /* WelcomeView+Ext.swift */,
				A824BFA52C3134FB00B436F9 /* WelcomeView.swift */,
				A824BFA72C31351300B436F9 /* WelcomeViewDelegate.swift */,
				A824BFA92C31352200B436F9 /* WelcomeViewProtocol.swift */,
			);
			path = View;
			sourceTree = "<group>";
		};
		A824BF9A2C31348300B436F9 /* Controller */ = {
			isa = PBXGroup;
			children = (
				A824BFAD2C3138E800B436F9 /* WelcomeViewController+Ext.swift */,
				A824BF9B2C3134A800B436F9 /* WelcomeViewController.swift */,
			);
			path = Controller;
			sourceTree = "<group>";
		};
		A824BFAF2C31465300B436F9 /* Cell */ = {
			isa = PBXGroup;
			children = (
				A824BFB02C31468700B436F9 /* WelcomeCollectionViewCell.swift */,
			);
			path = Cell;
			sourceTree = "<group>";
		};
		A83A171B2C3EDD830032A03C /* Views */ = {
			isa = PBXGroup;
			children = (
				A83A17252C415C3A0032A03C /* SearchInfo */,
			);
			path = Views;
			sourceTree = "<group>";
		};
		A83A17242C4129E80032A03C /* Placeholder */ = {
			isa = PBXGroup;
			children = (
				A83A17222C4129950032A03C /* NewsPlaceholderView.swift */,
			);
			path = Placeholder;
			sourceTree = "<group>";
		};
		A83A17252C415C3A0032A03C /* SearchInfo */ = {
			isa = PBXGroup;
			children = (
				A83A172A2C415CFE0032A03C /* SearchInfoView+Ext.swift */,
				A83A171C2C3EDDEB0032A03C /* SearchInfoView.swift */,
				A83A17282C415C5C0032A03C /* SearchInfoViewDelegate.swift */,
				A83A17262C415C4C0032A03C /* SearchInfoViewProtocol.swift */,
			);
			path = SearchInfo;
			sourceTree = "<group>";
		};
		A83A17942C440B460032A03C /* Base */ = {
			isa = PBXGroup;
			children = (
				A823EEAE2C10AB03001BF6A6 /* BaseViewController.swift */,
			);
			path = Base;
			sourceTree = "<group>";
		};
		A85AB6DB2C19DFA900FE1829 /* DataModel */ = {
			isa = PBXGroup;
			children = (
				A85AB6DC2C19E04100FE1829 /* ArticleDataModel.swift */,
				A824BF8C2C30578C00B436F9 /* SettingsDataModel.swift */,
				A83A17202C4124D40032A03C /* PlaceholderDataModel.swift */,
			);
			path = DataModel;
			sourceTree = "<group>";
		};
		A85AB6ED2C19F31900FE1829 /* Cells */ = {
			isa = PBXGroup;
			children = (
				A85AB6F82C1EF27F00FE1829 /* CategoryCollectionViewCell.swift */,
			);
			path = Cells;
			sourceTree = "<group>";
		};
		A85AB6F02C19F51900FE1829 /* Extensions */ = {
			isa = PBXGroup;
			children = (
				A85AB6F12C19F53300FE1829 /* UICollectionViewCell+Idintifier.swift */,
				A83A178A2C42D9F60032A03C /* Bundle+Ext.swift */,
				A824BF932C3070D900B436F9 /* String+Ext.swift */,
			);
			path = Extensions;
			sourceTree = "<group>";
		};
		A85AB6FD2C1EF58800FE1829 /* Category */ = {
			isa = PBXGroup;
			children = (
				A85AB6ED2C19F31900FE1829 /* Cells */,
				A85AB7042C1EFA4700FE1829 /* CategoryView+CollectionView.swift */,
				A85AB6FA2C1EF52B00FE1829 /* CategoryView.swift */,
				A85AB7022C1EFA3A00FE1829 /* CategoryView+Ext.swift */,
				A85AB6FE2C1EFA1D00FE1829 /* CategoryViewDelegate.swift */,
				A85AB7002C1EFA2900FE1829 /* CategoryViewProtocol.swift */,
			);
			path = Category;
			sourceTree = "<group>";
		};
		A85AB7062C200B4100FE1829 /* Home */ = {
			isa = PBXGroup;
			children = (
				A85AB7072C200BBC00FE1829 /* Cell */,
				A85AB7082C200BD000FE1829 /* Model */,
				A85AB7092C200BD600FE1829 /* Views */,
				A85AB70A2C200BDB00FE1829 /* Controller */,
			);
			path = Home;
			sourceTree = "<group>";
		};
		A85AB7072C200BBC00FE1829 /* Cell */ = {
			isa = PBXGroup;
			children = (
				A85AB7212C200F8C00FE1829 /* HomeCollectionViewCell.swift */,
			);
			path = Cell;
			sourceTree = "<group>";
		};
		A85AB7082C200BD000FE1829 /* Model */ = {
			isa = PBXGroup;
			children = (
				A85AB7112C200C5400FE1829 /* HomeModel+Ext.swift */,
				A85AB70B2C200C1000FE1829 /* HomeModel.swift */,
				A85AB70D2C200C2700FE1829 /* HomeModelDelegate.swift */,
				A85AB70F2C200C4100FE1829 /* HomeModelProtocol.swift */,
			);
			path = Model;
			sourceTree = "<group>";
		};
		A85AB7092C200BD600FE1829 /* Views */ = {
			isa = PBXGroup;
			children = (
				A85AB6FD2C1EF58800FE1829 /* Category */,
				A85AB71B2C200CAD00FE1829 /* HomeView+CollectionView.swift */,
				A85AB7192C200C9A00FE1829 /* HomeView+Ext.swift */,
				A85AB7132C200C7000FE1829 /* HomeView.swift */,
				A85AB7152C200C7D00FE1829 /* HomeViewDelegate.swift */,
				A85AB7172C200C8B00FE1829 /* HomeViewProtocol.swift */,
			);
			path = Views;
			sourceTree = "<group>";
		};
		A85AB70A2C200BDB00FE1829 /* Controller */ = {
			isa = PBXGroup;
			children = (
				A85AB7552C23709000FE1829 /* HomeViewController+Ext.swift */,
				A85AB71D2C200CC700FE1829 /* HomeViewController.swift */,
			);
			path = Controller;
			sourceTree = "<group>";
		};
		A85AB7232C20158200FE1829 /* News */ = {
			isa = PBXGroup;
			children = (
				A85AB7242C2015BD00FE1829 /* Cell */,
				A85AB7252C2015C400FE1829 /* Model */,
				A85AB7262C2015CA00FE1829 /* Views */,
				A85AB7272C2015CF00FE1829 /* Controllers */,
			);
			path = News;
			sourceTree = "<group>";
		};
		A85AB7242C2015BD00FE1829 /* Cell */ = {
			isa = PBXGroup;
			children = (
				A85AB6EE2C19F35B00FE1829 /* ArticleCollectionViewCell.swift */,
				A85AB7572C2851C400FE1829 /* ArticleCollectionViewCellDelegate.swift */,
			);
			path = Cell;
			sourceTree = "<group>";
		};
		A85AB7252C2015C400FE1829 /* Model */ = {
			isa = PBXGroup;
			children = (
				A85AB7302C20184900FE1829 /* NewsModel+Ext.swift */,
				A85AB72A2C20181000FE1829 /* NewsModel.swift */,
				A85AB72C2C20183400FE1829 /* NewsModelDelegate.swift */,
				A85AB72E2C20183F00FE1829 /* NewsModelProtocol.swift */,
			);
			path = Model;
			sourceTree = "<group>";
		};
		A85AB7262C2015CA00FE1829 /* Views */ = {
			isa = PBXGroup;
			children = (
				A83A17242C4129E80032A03C /* Placeholder */,
				A85AB7412C2360B400FE1829 /* Details */,
				A85AB73A2C2018DD00FE1829 /* NewsView+CollectionView.swift */,
				A85AB7382C2018C700FE1829 /* NewsView+Ext.swift */,
				A85AB7322C20186700FE1829 /* NewsView.swift */,
				A85AB7342C20187400FE1829 /* NewsViewDelegate.swift */,
				A85AB7362C20187F00FE1829 /* NewsViewProtocol.swift */,
			);
			path = Views;
			sourceTree = "<group>";
		};
		A85AB7272C2015CF00FE1829 /* Controllers */ = {
			isa = PBXGroup;
			children = (
				A85AB73E2C20190200FE1829 /* NewsViewController+Ext.swift */,
				A85AB73C2C2018F400FE1829 /* NewsViewController.swift */,
				A85AB7532C236A0600FE1829 /* NewsViewControllerDelegate.swift */,
				A85AB74A2C23629300FE1829 /* Details */,
			);
			path = Controllers;
			sourceTree = "<group>";
		};
		A85AB7412C2360B400FE1829 /* Details */ = {
			isa = PBXGroup;
			children = (
				A85AB7482C23610500FE1829 /* NewsDetailsView+Ext.swift */,
				A85AB7422C2360D800FE1829 /* NewsDetailsView.swift */,
				A85AB7442C2360EB00FE1829 /* NewsDetailsViewDelegate.swift */,
				A85AB7462C2360F500FE1829 /* NewsDetailsViewProtocol.swift */,
			);
			path = Details;
			sourceTree = "<group>";
		};
		A85AB74A2C23629300FE1829 /* Details */ = {
			isa = PBXGroup;
			children = (
				A85AB74D2C23637000FE1829 /* NewsDetailsViewController+Ext.swift */,
				A85AB74B2C2362CD00FE1829 /* NewsDetailsViewController.swift */,
				A85AB7512C23698100FE1829 /* NewsDetailsViewControllerDelegate.swift */,
			);
			path = Details;
			sourceTree = "<group>";
		};
		A85AB7592C285E4E00FE1829 /* Search */ = {
			isa = PBXGroup;
			children = (
				A83A171B2C3EDD830032A03C /* Views */,
				A824BF612C2EE21400B436F9 /* Model */,
				A824BF6A2C2EE25D00B436F9 /* Controller */,
			);
			path = Search;
			sourceTree = "<group>";
		};
		A85AB75A2C285E6C00FE1829 /* Favorite */ = {
			isa = PBXGroup;
			children = (
				A85AB75B2C285E8800FE1829 /* Model */,
				A85AB75D2C285E9400FE1829 /* Controller */,
			);
			path = Favorite;
			sourceTree = "<group>";
		};
		A85AB75B2C285E8800FE1829 /* Model */ = {
			isa = PBXGroup;
			children = (
				A85AB7642C285EFF00FE1829 /* FavoriteModel+Ext.swift */,
				A85AB75E2C285EB700FE1829 /* FavoriteModel.swift */,
				A85AB7602C285EC400FE1829 /* FavoriteModelDelegate.swift */,
				A85AB7622C285EEE00FE1829 /* FavoriteModelProtocol.swift */,
			);
			path = Model;
			sourceTree = "<group>";
		};
		A85AB75D2C285E9400FE1829 /* Controller */ = {
			isa = PBXGroup;
			children = (
				A85AB76A2C28626100FE1829 /* FavoriteViewController+Ext.swift */,
				A85AB7682C28616500FE1829 /* FavoriteViewController.swift */,
			);
			path = Controller;
			sourceTree = "<group>";
		};
/* End PBXGroup section */

/* Begin PBXNativeTarget section */
		A823EE6D2C10651E001BF6A6 /* NewsClient */ = {
			isa = PBXNativeTarget;
			buildConfigurationList = A823EE852C10651F001BF6A6 /* Build configuration list for PBXNativeTarget "NewsClient" */;
			buildPhases = (
				A823EE6A2C10651E001BF6A6 /* Sources */,
				A823EE6B2C10651E001BF6A6 /* Frameworks */,
				A823EE6C2C10651E001BF6A6 /* Resources */,
			);
			buildRules = (
			);
			dependencies = (
			);
			name = NewsClient;
			packageProductDependencies = (
				A85AB6F62C1D7AFF00FE1829 /* Kingfisher */,
			);
			productName = NewsClient;
			productReference = A823EE6E2C10651E001BF6A6 /* News.app */;
			productType = "com.apple.product-type.application";
		};
/* End PBXNativeTarget section */

/* Begin PBXProject section */
		A823EE662C10651E001BF6A6 /* Project object */ = {
			isa = PBXProject;
			attributes = {
				BuildIndependentTargetsInParallel = 1;
				LastSwiftUpdateCheck = 1540;
				LastUpgradeCheck = 1540;
				TargetAttributes = {
					A823EE6D2C10651E001BF6A6 = {
						CreatedOnToolsVersion = 15.4;
					};
				};
			};
			buildConfigurationList = A823EE692C10651E001BF6A6 /* Build configuration list for PBXProject "NewsClient" */;
			compatibilityVersion = "Xcode 14.0";
			developmentRegion = en;
			hasScannedForEncodings = 0;
			knownRegions = (
				en,
				Base,
				uk,
			);
			mainGroup = A823EE652C10651E001BF6A6;
			packageReferences = (
				A85AB6F52C1D7AFF00FE1829 /* XCRemoteSwiftPackageReference "Kingfisher" */,
			);
			productRefGroup = A823EE6F2C10651E001BF6A6 /* Products */;
			projectDirPath = "";
			projectRoot = "";
			targets = (
				A823EE6D2C10651E001BF6A6 /* NewsClient */,
			);
		};
/* End PBXProject section */

/* Begin PBXResourcesBuildPhase section */
		A823EE6C2C10651E001BF6A6 /* Resources */ = {
			isa = PBXResourcesBuildPhase;
			buildActionMask = 2147483647;
			files = (
				A823EE7E2C10651F001BF6A6 /* Assets.xcassets in Resources */,
				A824BF912C306F6700B436F9 /* Localizable.strings in Resources */,
				A823EE812C10651F001BF6A6 /* Base in Resources */,
			);
			runOnlyForDeploymentPostprocessing = 0;
		};
/* End PBXResourcesBuildPhase section */

/* Begin PBXSourcesBuildPhase section */
		A823EE6A2C10651E001BF6A6 /* Sources */ = {
			isa = PBXSourcesBuildPhase;
			buildActionMask = 2147483647;
			files = (
				A85AB75F2C285EB700FE1829 /* FavoriteModel.swift in Sources */,
				A83A17962C442C200032A03C /* CommonFunctions.swift in Sources */,
				A85AB7102C200C4100FE1829 /* HomeModelProtocol.swift in Sources */,
				A85AB6F42C1C8DA500FE1829 /* UIImageView+Ext.swift in Sources */,
				A85AB7162C200C7D00FE1829 /* HomeViewDelegate.swift in Sources */,
				A824BFA22C3134D500B436F9 /* WelcomeModelProtocol.swift in Sources */,
				A824BF672C2EE24500B436F9 /* SearchModelProtocol.swift in Sources */,
				A85AB7012C1EFA2900FE1829 /* CategoryViewProtocol.swift in Sources */,
				A83A17232C4129950032A03C /* NewsPlaceholderView.swift in Sources */,
				A85AB7372C20187F00FE1829 /* NewsViewProtocol.swift in Sources */,
				A85AB7352C20187400FE1829 /* NewsViewDelegate.swift in Sources */,
				A823EE942C109651001BF6A6 /* NetworkService.swift in Sources */,
				A824BF692C2EE25000B436F9 /* SearchModel+Ext.swift in Sources */,
				A824BFB12C31468700B436F9 /* WelcomeCollectionViewCell.swift in Sources */,
				A824BF7D2C3051FB00B436F9 /* SettingsModelProtocol.swift in Sources */,
				A85AB7142C200C7000FE1829 /* HomeView.swift in Sources */,
				A83A17212C4124D40032A03C /* PlaceholderDataModel.swift in Sources */,
				A823EE722C10651E001BF6A6 /* AppDelegate.swift in Sources */,
				A823EEAB2C10A84D001BF6A6 /* ServiceProvider.swift in Sources */,
				A85AB7432C2360D800FE1829 /* NewsDetailsView.swift in Sources */,
				A824BF942C3070D900B436F9 /* String+Ext.swift in Sources */,
				A85AB6DD2C19E04100FE1829 /* ArticleDataModel.swift in Sources */,
				A823EEB62C10B041001BF6A6 /* DMNewsError.swift in Sources */,
				A824BF6C2C2EE27900B436F9 /* SearchViewController.swift in Sources */,
				A85AB6EF2C19F35B00FE1829 /* ArticleCollectionViewCell.swift in Sources */,
				A85AB7452C2360EB00FE1829 /* NewsDetailsViewDelegate.swift in Sources */,
				A824BF742C303E7200B436F9 /* SettingsViewController.swift in Sources */,
				A824BF872C30525200B436F9 /* SettingsView+Ext.swift in Sources */,
				A823EE962C1096BE001BF6A6 /* APIConstant.swift in Sources */,
				A85AB7542C236A0600FE1829 /* NewsViewControllerDelegate.swift in Sources */,
				A85AB71C2C200CAD00FE1829 /* HomeView+CollectionView.swift in Sources */,
				A824BF852C30524A00B436F9 /* SettingsViewProtocol.swift in Sources */,
				A85AB7332C20186700FE1829 /* NewsView.swift in Sources */,
				A824BFA42C3134E000B436F9 /* WelcomeModel+Ext.swift in Sources */,
				A85AB74C2C2362CD00FE1829 /* NewsDetailsViewController.swift in Sources */,
				A83A17292C415C5C0032A03C /* SearchInfoViewDelegate.swift in Sources */,
				A85AB73D2C2018F400FE1829 /* NewsViewController.swift in Sources */,
				A83A178D2C43C1A60032A03C /* AppStrings.swift in Sources */,
				A85AB7562C23709000FE1829 /* HomeViewController+Ext.swift in Sources */,
				A85AB71A2C200C9A00FE1829 /* HomeView+Ext.swift in Sources */,
				A824BF9C2C3134A800B436F9 /* WelcomeViewController.swift in Sources */,
				A85AB7472C2360F500FE1829 /* NewsDetailsViewProtocol.swift in Sources */,
				A85AB7052C1EFA4700FE1829 /* CategoryView+CollectionView.swift in Sources */,
				A824BF9E2C3134BE00B436F9 /* WelcomeModel.swift in Sources */,
				A85AB7492C23610500FE1829 /* NewsDetailsView+Ext.swift in Sources */,
				A824BFA82C31351300B436F9 /* WelcomeViewDelegate.swift in Sources */,
				A824BF7F2C30520700B436F9 /* SettingsModel+Ext.swift in Sources */,
				A824BFAC2C31353500B436F9 /* WelcomeView+Ext.swift in Sources */,
				A85AB7612C285EC400FE1829 /* FavoriteModelDelegate.swift in Sources */,
				A823EEBD2C1999CB001BF6A6 /* CoreDataService+News.swift in Sources */,
				A85AB7182C200C8B00FE1829 /* HomeViewProtocol.swift in Sources */,
				A824BF632C2EE22800B436F9 /* SearchModel.swift in Sources */,
				A824BF6E2C2EE28300B436F9 /* SearchViewController+Ext.swift in Sources */,
				A83A178B2C42D9F60032A03C /* Bundle+Ext.swift in Sources */,
				A824BFB52C31512300B436F9 /* Category.swift in Sources */,
				A824BF652C2EE23900B436F9 /* SearchModelDelegate.swift in Sources */,
				A823EEA02C10A34E001BF6A6 /* DMNewsModel.swift in Sources */,
				A85AB7032C1EFA3A00FE1829 /* CategoryView+Ext.swift in Sources */,
				A83A172B2C415CFE0032A03C /* SearchInfoView+Ext.swift in Sources */,
				A823EE982C109AE7001BF6A6 /* NetworkServiceProtocol.swift in Sources */,
				A85AB6F92C1EF27F00FE1829 /* CategoryCollectionViewCell.swift in Sources */,
				A824BF7B2C3051ED00B436F9 /* SettingsModelDelegate.swift in Sources */,
				A824BFAE2C3138E800B436F9 /* WelcomeViewController+Ext.swift in Sources */,
				A824BFA02C3134CA00B436F9 /* WelcomeModelDelegate.swift in Sources */,
				A824BFA62C3134FB00B436F9 /* WelcomeView.swift in Sources */,
				A824BF792C3051E000B436F9 /* SettingsModel.swift in Sources */,
				A824BF962C30710A00B436F9 /* DefaultManager.swift in Sources */,
				A83A171D2C3EDDEB0032A03C /* SearchInfoView.swift in Sources */,
				A85AB7632C285EEE00FE1829 /* FavoriteModelProtocol.swift in Sources */,
				A85AB73B2C2018DD00FE1829 /* NewsView+CollectionView.swift in Sources */,
				A83A17272C415C4C0032A03C /* SearchInfoViewProtocol.swift in Sources */,
				A824BFAA2C31352200B436F9 /* WelcomeViewProtocol.swift in Sources */,
				A85AB7692C28616500FE1829 /* FavoriteViewController.swift in Sources */,
				A824BF812C30522F00B436F9 /* SettingsView.swift in Sources */,
				A823EEB92C19989B001BF6A6 /* CoreDataService.swift in Sources */,
				A824BFB72C31515100B436F9 /* Country.swift in Sources */,
				A823EEBB2C19992C001BF6A6 /* CoreDataServiceProtocol.swift in Sources */,
				A83A17912C43E0970032A03C /* TimeConverter.swift in Sources */,
				A85AB7392C2018C700FE1829 /* NewsView+Ext.swift in Sources */,
				A85AB7522C23698100FE1829 /* NewsDetailsViewControllerDelegate.swift in Sources */,
				A85AB7312C20184900FE1829 /* NewsModel+Ext.swift in Sources */,
				A824BF832C30524000B436F9 /* SettingsViewDelegate.swift in Sources */,
				A85AB7582C2851C400FE1829 /* ArticleCollectionViewCellDelegate.swift in Sources */,
				A85AB73F2C20190200FE1829 /* NewsViewController+Ext.swift in Sources */,
				A85AB70C2C200C1100FE1829 /* HomeModel.swift in Sources */,
				A85AB7122C200C5400FE1829 /* HomeModel+Ext.swift in Sources */,
				A85AB76B2C28626100FE1829 /* FavoriteViewController+Ext.swift in Sources */,
				A85AB70E2C200C2700FE1829 /* HomeModelDelegate.swift in Sources */,
				A85AB6F22C19F53300FE1829 /* UICollectionViewCell+Idintifier.swift in Sources */,
				A823EE742C10651E001BF6A6 /* SceneDelegate.swift in Sources */,
				A85AB71E2C200CC700FE1829 /* HomeViewController.swift in Sources */,
				A824BF892C30547D00B436F9 /* SettingsView+TableView.swift in Sources */,
				A824BF8B2C30558D00B436F9 /* SettingsViewController+Ext.swift in Sources */,
				A824BFB32C31480C00B436F9 /* WelcomeView+CollectionView.swift in Sources */,
				A85AB6FB2C1EF52B00FE1829 /* CategoryView.swift in Sources */,
				A85AB72F2C20183F00FE1829 /* NewsModelProtocol.swift in Sources */,
				A85AB7222C200F8C00FE1829 /* HomeCollectionViewCell.swift in Sources */,
				A823EE8B2C107171001BF6A6 /* MainTabBarController.swift in Sources */,
				A823EEAF2C10AB03001BF6A6 /* BaseViewController.swift in Sources */,
				A823EE7C2C10651E001BF6A6 /* NewsClientData.xcdatamodeld in Sources */,
				A85AB72D2C20183400FE1829 /* NewsModelDelegate.swift in Sources */,
				A824BF8D2C30578C00B436F9 /* SettingsDataModel.swift in Sources */,
				A824BF762C30408400B436F9 /* Theme.swift in Sources */,
				A85AB72B2C20181000FE1829 /* NewsModel.swift in Sources */,
				A85AB74E2C23637000FE1829 /* NewsDetailsViewController+Ext.swift in Sources */,
				A85AB6FF2C1EFA1D00FE1829 /* CategoryViewDelegate.swift in Sources */,
				A823EE9A2C109B23001BF6A6 /* NetworkService+News.swift in Sources */,
				A85AB7652C285EFF00FE1829 /* FavoriteModel+Ext.swift in Sources */,
				A85AB6DF2C19E6D100FE1829 /* Constants.swift in Sources */,
			);
			runOnlyForDeploymentPostprocessing = 0;
		};
/* End PBXSourcesBuildPhase section */

/* Begin PBXVariantGroup section */
		A823EE7F2C10651F001BF6A6 /* LaunchScreen.storyboard */ = {
			isa = PBXVariantGroup;
			children = (
				A823EE802C10651F001BF6A6 /* Base */,
				A824BF8E2C306E6C00B436F9 /* uk */,
			);
			name = LaunchScreen.storyboard;
			sourceTree = "<group>";
		};
		A824BF8F2C306F6700B436F9 /* Localizable.strings */ = {
			isa = PBXVariantGroup;
			children = (
				A824BF902C306F6700B436F9 /* en */,
				A824BF922C306F9E00B436F9 /* uk */,
			);
			name = Localizable.strings;
			sourceTree = "<group>";
		};
/* End PBXVariantGroup section */

/* Begin XCBuildConfiguration section */
		A823EE832C10651F001BF6A6 /* Debug */ = {
			isa = XCBuildConfiguration;
			buildSettings = {
				ALWAYS_SEARCH_USER_PATHS = NO;
				ASSETCATALOG_COMPILER_GENERATE_SWIFT_ASSET_SYMBOL_EXTENSIONS = YES;
				CLANG_ANALYZER_LOCALIZABILITY_NONLOCALIZED = YES;
				CLANG_ANALYZER_NONNULL = YES;
				CLANG_ANALYZER_NUMBER_OBJECT_CONVERSION = YES_AGGRESSIVE;
				CLANG_CXX_LANGUAGE_STANDARD = "gnu++20";
				CLANG_ENABLE_MODULES = YES;
				CLANG_ENABLE_OBJC_ARC = YES;
				CLANG_ENABLE_OBJC_WEAK = YES;
				CLANG_WARN_BLOCK_CAPTURE_AUTORELEASING = YES;
				CLANG_WARN_BOOL_CONVERSION = YES;
				CLANG_WARN_COMMA = YES;
				CLANG_WARN_CONSTANT_CONVERSION = YES;
				CLANG_WARN_DEPRECATED_OBJC_IMPLEMENTATIONS = YES;
				CLANG_WARN_DIRECT_OBJC_ISA_USAGE = YES_ERROR;
				CLANG_WARN_DOCUMENTATION_COMMENTS = YES;
				CLANG_WARN_EMPTY_BODY = YES;
				CLANG_WARN_ENUM_CONVERSION = YES;
				CLANG_WARN_INFINITE_RECURSION = YES;
				CLANG_WARN_INT_CONVERSION = YES;
				CLANG_WARN_NON_LITERAL_NULL_CONVERSION = YES;
				CLANG_WARN_OBJC_IMPLICIT_RETAIN_SELF = YES;
				CLANG_WARN_OBJC_LITERAL_CONVERSION = YES;
				CLANG_WARN_OBJC_ROOT_CLASS = YES_ERROR;
				CLANG_WARN_QUOTED_INCLUDE_IN_FRAMEWORK_HEADER = YES;
				CLANG_WARN_RANGE_LOOP_ANALYSIS = YES;
				CLANG_WARN_STRICT_PROTOTYPES = YES;
				CLANG_WARN_SUSPICIOUS_MOVE = YES;
				CLANG_WARN_UNGUARDED_AVAILABILITY = YES_AGGRESSIVE;
				CLANG_WARN_UNREACHABLE_CODE = YES;
				CLANG_WARN__DUPLICATE_METHOD_MATCH = YES;
				COPY_PHASE_STRIP = NO;
				DEBUG_INFORMATION_FORMAT = dwarf;
				ENABLE_STRICT_OBJC_MSGSEND = YES;
				ENABLE_TESTABILITY = YES;
				ENABLE_USER_SCRIPT_SANDBOXING = YES;
				GCC_C_LANGUAGE_STANDARD = gnu17;
				GCC_DYNAMIC_NO_PIC = NO;
				GCC_NO_COMMON_BLOCKS = YES;
				GCC_OPTIMIZATION_LEVEL = 0;
				GCC_PREPROCESSOR_DEFINITIONS = (
					"DEBUG=1",
					"$(inherited)",
				);
				GCC_WARN_64_TO_32_BIT_CONVERSION = YES;
				GCC_WARN_ABOUT_RETURN_TYPE = YES_ERROR;
				GCC_WARN_UNDECLARED_SELECTOR = YES;
				GCC_WARN_UNINITIALIZED_AUTOS = YES_AGGRESSIVE;
				GCC_WARN_UNUSED_FUNCTION = YES;
				GCC_WARN_UNUSED_VARIABLE = YES;
				IPHONEOS_DEPLOYMENT_TARGET = 17.5;
				LOCALIZATION_PREFERS_STRING_CATALOGS = YES;
				MTL_ENABLE_DEBUG_INFO = INCLUDE_SOURCE;
				MTL_FAST_MATH = YES;
				ONLY_ACTIVE_ARCH = YES;
				SDKROOT = iphoneos;
				SWIFT_ACTIVE_COMPILATION_CONDITIONS = "DEBUG $(inherited)";
				SWIFT_OPTIMIZATION_LEVEL = "-Onone";
			};
			name = Debug;
		};
		A823EE842C10651F001BF6A6 /* Release */ = {
			isa = XCBuildConfiguration;
			buildSettings = {
				ALWAYS_SEARCH_USER_PATHS = NO;
				ASSETCATALOG_COMPILER_GENERATE_SWIFT_ASSET_SYMBOL_EXTENSIONS = YES;
				CLANG_ANALYZER_LOCALIZABILITY_NONLOCALIZED = YES;
				CLANG_ANALYZER_NONNULL = YES;
				CLANG_ANALYZER_NUMBER_OBJECT_CONVERSION = YES_AGGRESSIVE;
				CLANG_CXX_LANGUAGE_STANDARD = "gnu++20";
				CLANG_ENABLE_MODULES = YES;
				CLANG_ENABLE_OBJC_ARC = YES;
				CLANG_ENABLE_OBJC_WEAK = YES;
				CLANG_WARN_BLOCK_CAPTURE_AUTORELEASING = YES;
				CLANG_WARN_BOOL_CONVERSION = YES;
				CLANG_WARN_COMMA = YES;
				CLANG_WARN_CONSTANT_CONVERSION = YES;
				CLANG_WARN_DEPRECATED_OBJC_IMPLEMENTATIONS = YES;
				CLANG_WARN_DIRECT_OBJC_ISA_USAGE = YES_ERROR;
				CLANG_WARN_DOCUMENTATION_COMMENTS = YES;
				CLANG_WARN_EMPTY_BODY = YES;
				CLANG_WARN_ENUM_CONVERSION = YES;
				CLANG_WARN_INFINITE_RECURSION = YES;
				CLANG_WARN_INT_CONVERSION = YES;
				CLANG_WARN_NON_LITERAL_NULL_CONVERSION = YES;
				CLANG_WARN_OBJC_IMPLICIT_RETAIN_SELF = YES;
				CLANG_WARN_OBJC_LITERAL_CONVERSION = YES;
				CLANG_WARN_OBJC_ROOT_CLASS = YES_ERROR;
				CLANG_WARN_QUOTED_INCLUDE_IN_FRAMEWORK_HEADER = YES;
				CLANG_WARN_RANGE_LOOP_ANALYSIS = YES;
				CLANG_WARN_STRICT_PROTOTYPES = YES;
				CLANG_WARN_SUSPICIOUS_MOVE = YES;
				CLANG_WARN_UNGUARDED_AVAILABILITY = YES_AGGRESSIVE;
				CLANG_WARN_UNREACHABLE_CODE = YES;
				CLANG_WARN__DUPLICATE_METHOD_MATCH = YES;
				COPY_PHASE_STRIP = NO;
				DEBUG_INFORMATION_FORMAT = "dwarf-with-dsym";
				ENABLE_NS_ASSERTIONS = NO;
				ENABLE_STRICT_OBJC_MSGSEND = YES;
				ENABLE_USER_SCRIPT_SANDBOXING = YES;
				GCC_C_LANGUAGE_STANDARD = gnu17;
				GCC_NO_COMMON_BLOCKS = YES;
				GCC_WARN_64_TO_32_BIT_CONVERSION = YES;
				GCC_WARN_ABOUT_RETURN_TYPE = YES_ERROR;
				GCC_WARN_UNDECLARED_SELECTOR = YES;
				GCC_WARN_UNINITIALIZED_AUTOS = YES_AGGRESSIVE;
				GCC_WARN_UNUSED_FUNCTION = YES;
				GCC_WARN_UNUSED_VARIABLE = YES;
				IPHONEOS_DEPLOYMENT_TARGET = 17.5;
				LOCALIZATION_PREFERS_STRING_CATALOGS = YES;
				MTL_ENABLE_DEBUG_INFO = NO;
				MTL_FAST_MATH = YES;
				SDKROOT = iphoneos;
				SWIFT_COMPILATION_MODE = wholemodule;
				VALIDATE_PRODUCT = YES;
			};
			name = Release;
		};
		A823EE862C10651F001BF6A6 /* Debug */ = {
			isa = XCBuildConfiguration;
			buildSettings = {
				ASSETCATALOG_COMPILER_APPICON_NAME = AppIcon;
				ASSETCATALOG_COMPILER_GLOBAL_ACCENT_COLOR_NAME = AccentColor;
				CODE_SIGN_STYLE = Automatic;
				CURRENT_PROJECT_VERSION = 1;
				DEVELOPMENT_TEAM = 595Y7XNND7;
				GENERATE_INFOPLIST_FILE = YES;
				INFOPLIST_FILE = NewsClient/Resource/Info.plist;
				INFOPLIST_KEY_UIApplicationSupportsIndirectInputEvents = YES;
				INFOPLIST_KEY_UILaunchStoryboardName = LaunchScreen;
				INFOPLIST_KEY_UIRequiresFullScreen = YES;
				INFOPLIST_KEY_UISupportedInterfaceOrientations = UIInterfaceOrientationPortrait;
				IPHONEOS_DEPLOYMENT_TARGET = 15.0;
				LD_RUNPATH_SEARCH_PATHS = (
					"$(inherited)",
					"@executable_path/Frameworks",
				);
				MARKETING_VERSION = 1.0;
				PRODUCT_BUNDLE_IDENTIFIER = AM.NewsClient;
				PRODUCT_NAME = News;
				SWIFT_EMIT_LOC_STRINGS = YES;
				SWIFT_VERSION = 5.0;
				TARGETED_DEVICE_FAMILY = "1,2";
			};
			name = Debug;
		};
		A823EE872C10651F001BF6A6 /* Release */ = {
			isa = XCBuildConfiguration;
			buildSettings = {
				ASSETCATALOG_COMPILER_APPICON_NAME = AppIcon;
				ASSETCATALOG_COMPILER_GLOBAL_ACCENT_COLOR_NAME = AccentColor;
				CODE_SIGN_STYLE = Automatic;
				CURRENT_PROJECT_VERSION = 1;
				DEVELOPMENT_TEAM = 595Y7XNND7;
				GENERATE_INFOPLIST_FILE = YES;
				INFOPLIST_FILE = NewsClient/Resource/Info.plist;
				INFOPLIST_KEY_UIApplicationSupportsIndirectInputEvents = YES;
				INFOPLIST_KEY_UILaunchStoryboardName = LaunchScreen;
				INFOPLIST_KEY_UIRequiresFullScreen = YES;
				INFOPLIST_KEY_UISupportedInterfaceOrientations = UIInterfaceOrientationPortrait;
				IPHONEOS_DEPLOYMENT_TARGET = 15.0;
				LD_RUNPATH_SEARCH_PATHS = (
					"$(inherited)",
					"@executable_path/Frameworks",
				);
				MARKETING_VERSION = 1.0;
				PRODUCT_BUNDLE_IDENTIFIER = AM.NewsClient;
				PRODUCT_NAME = "$(TARGET_NAME)";
				SWIFT_EMIT_LOC_STRINGS = YES;
				SWIFT_VERSION = 5.0;
				TARGETED_DEVICE_FAMILY = "1,2";
			};
			name = Release;
		};
/* End XCBuildConfiguration section */

/* Begin XCConfigurationList section */
		A823EE692C10651E001BF6A6 /* Build configuration list for PBXProject "NewsClient" */ = {
			isa = XCConfigurationList;
			buildConfigurations = (
				A823EE832C10651F001BF6A6 /* Debug */,
				A823EE842C10651F001BF6A6 /* Release */,
			);
			defaultConfigurationIsVisible = 0;
			defaultConfigurationName = Release;
		};
		A823EE852C10651F001BF6A6 /* Build configuration list for PBXNativeTarget "NewsClient" */ = {
			isa = XCConfigurationList;
			buildConfigurations = (
				A823EE862C10651F001BF6A6 /* Debug */,
				A823EE872C10651F001BF6A6 /* Release */,
			);
			defaultConfigurationIsVisible = 0;
			defaultConfigurationName = Release;
		};
/* End XCConfigurationList section */

/* Begin XCRemoteSwiftPackageReference section */
		A85AB6F52C1D7AFF00FE1829 /* XCRemoteSwiftPackageReference "Kingfisher" */ = {
			isa = XCRemoteSwiftPackageReference;
			repositoryURL = "https://github.com/onevcat/Kingfisher.git";
			requirement = {
				kind = upToNextMajorVersion;
				minimumVersion = 7.0.0;
			};
		};
/* End XCRemoteSwiftPackageReference section */

/* Begin XCSwiftPackageProductDependency section */
		A85AB6F62C1D7AFF00FE1829 /* Kingfisher */ = {
			isa = XCSwiftPackageProductDependency;
			package = A85AB6F52C1D7AFF00FE1829 /* XCRemoteSwiftPackageReference "Kingfisher" */;
			productName = Kingfisher;
		};
/* End XCSwiftPackageProductDependency section */

/* Begin XCVersionGroup section */
		A823EE7A2C10651E001BF6A6 /* NewsClientData.xcdatamodeld */ = {
			isa = XCVersionGroup;
			children = (
				A823EE7B2C10651E001BF6A6 /* NewsClient.xcdatamodel */,
			);
			currentVersion = A823EE7B2C10651E001BF6A6 /* NewsClient.xcdatamodel */;
			path = NewsClientData.xcdatamodeld;
			sourceTree = "<group>";
			versionGroupType = wrapper.xcdatamodel;
		};
/* End XCVersionGroup section */
	};
	rootObject = A823EE662C10651E001BF6A6 /* Project object */;
}
