// !$*UTF8*$!
{
	archiveVersion = 1;
	classes = {
	};
	objectVersion = 56;
	objects = {

/* Begin PBXBuildFile section */
		A823EE722C10651E001BF6A6 /* AppDelegate.swift in Sources */ = {isa = PBXBuildFile; fileRef = A823EE712C10651E001BF6A6 /* AppDelegate.swift */; };
		A823EE742C10651E001BF6A6 /* SceneDelegate.swift in Sources */ = {isa = PBXBuildFile; fileRef = A823EE732C10651E001BF6A6 /* SceneDelegate.swift */; };
		A823EE7C2C10651E001BF6A6 /* NewsClientData.xcdatamodeld in Sources */ = {isa = PBXBuildFile; fileRef = A823EE7A2C10651E001BF6A6 /* NewsClientData.xcdatamodeld */; };
		A823EE7E2C10651F001BF6A6 /* Assets.xcassets in Resources */ = {isa = PBXBuildFile; fileRef = A823EE7D2C10651F001BF6A6 /* Assets.xcassets */; };
		A823EE812C10651F001BF6A6 /* Base in Resources */ = {isa = PBXBuildFile; fileRef = A823EE802C10651F001BF6A6 /* Base */; };
		A823EE8B2C107171001BF6A6 /* MainTabBarController.swift in Sources */ = {isa = PBXBuildFile; fileRef = A823EE8A2C107171001BF6A6 /* MainTabBarController.swift */; };
		A823EE942C109651001BF6A6 /* NetworkService.swift in Sources */ = {isa = PBXBuildFile; fileRef = A823EE932C109651001BF6A6 /* NetworkService.swift */; };
		A823EE962C1096BE001BF6A6 /* APIConstant.swift in Sources */ = {isa = PBXBuildFile; fileRef = A823EE952C1096BE001BF6A6 /* APIConstant.swift */; };
		A823EE982C109AE7001BF6A6 /* NetworkServiceProtocol.swift in Sources */ = {isa = PBXBuildFile; fileRef = A823EE972C109AE7001BF6A6 /* NetworkServiceProtocol.swift */; };
		A823EE9A2C109B23001BF6A6 /* NetworkService+News.swift in Sources */ = {isa = PBXBuildFile; fileRef = A823EE992C109B23001BF6A6 /* NetworkService+News.swift */; };
		A823EE9C2C10A004001BF6A6 /* APIParametrs.swift in Sources */ = {isa = PBXBuildFile; fileRef = A823EE9B2C10A004001BF6A6 /* APIParametrs.swift */; };
		A823EEA02C10A34E001BF6A6 /* DMNewsModel.swift in Sources */ = {isa = PBXBuildFile; fileRef = A823EE9F2C10A34E001BF6A6 /* DMNewsModel.swift */; };
		A823EEA42C10A73F001BF6A6 /* TopModel.swift in Sources */ = {isa = PBXBuildFile; fileRef = A823EEA32C10A73F001BF6A6 /* TopModel.swift */; };
		A823EEA62C10A787001BF6A6 /* TopModelDelegate.swift in Sources */ = {isa = PBXBuildFile; fileRef = A823EEA52C10A787001BF6A6 /* TopModelDelegate.swift */; };
		A823EEA82C10A796001BF6A6 /* MainModelProtocol.swift in Sources */ = {isa = PBXBuildFile; fileRef = A823EEA72C10A796001BF6A6 /* MainModelProtocol.swift */; };
		A823EEAB2C10A84D001BF6A6 /* ServiceProvider.swift in Sources */ = {isa = PBXBuildFile; fileRef = A823EEAA2C10A84D001BF6A6 /* ServiceProvider.swift */; };
		A823EEAD2C10A8B0001BF6A6 /* TopModel+Ext.swift in Sources */ = {isa = PBXBuildFile; fileRef = A823EEAC2C10A8B0001BF6A6 /* TopModel+Ext.swift */; };
		A823EEAF2C10AB03001BF6A6 /* BaseViewController.swift in Sources */ = {isa = PBXBuildFile; fileRef = A823EEAE2C10AB03001BF6A6 /* BaseViewController.swift */; };
		A823EEB22C10AB60001BF6A6 /* TopViewController.swift in Sources */ = {isa = PBXBuildFile; fileRef = A823EEB12C10AB60001BF6A6 /* TopViewController.swift */; };
		A823EEB42C10AC07001BF6A6 /* TopViewController+Ext.swift in Sources */ = {isa = PBXBuildFile; fileRef = A823EEB32C10AC07001BF6A6 /* TopViewController+Ext.swift */; };
		A823EEB62C10B041001BF6A6 /* DMNewsError.swift in Sources */ = {isa = PBXBuildFile; fileRef = A823EEB52C10B041001BF6A6 /* DMNewsError.swift */; };
		A823EEB92C19989B001BF6A6 /* CoreDataService.swift in Sources */ = {isa = PBXBuildFile; fileRef = A823EEB82C19989B001BF6A6 /* CoreDataService.swift */; };
		A823EEBB2C19992C001BF6A6 /* CoreDataServiceProtocol.swift in Sources */ = {isa = PBXBuildFile; fileRef = A823EEBA2C19992C001BF6A6 /* CoreDataServiceProtocol.swift */; };
		A823EEBD2C1999CB001BF6A6 /* CoreDataService+News.swift in Sources */ = {isa = PBXBuildFile; fileRef = A823EEBC2C1999CB001BF6A6 /* CoreDataService+News.swift */; };
		A85AB6DD2C19E04100FE1829 /* ArticleDataModel.swift in Sources */ = {isa = PBXBuildFile; fileRef = A85AB6DC2C19E04100FE1829 /* ArticleDataModel.swift */; };
		A85AB6DF2C19E6D100FE1829 /* Constants.swift in Sources */ = {isa = PBXBuildFile; fileRef = A85AB6DE2C19E6D100FE1829 /* Constants.swift */; };
		A85AB6E22C19EB2700FE1829 /* TopView.swift in Sources */ = {isa = PBXBuildFile; fileRef = A85AB6E12C19EB2700FE1829 /* TopView.swift */; };
		A85AB6E42C19EB5D00FE1829 /* TopViewDelegate.swift in Sources */ = {isa = PBXBuildFile; fileRef = A85AB6E32C19EB5D00FE1829 /* TopViewDelegate.swift */; };
		A85AB6E62C19EB6800FE1829 /* TopViewProtocol.swift in Sources */ = {isa = PBXBuildFile; fileRef = A85AB6E52C19EB6800FE1829 /* TopViewProtocol.swift */; };
		A85AB6E82C19EBF100FE1829 /* TopView+Ext.swift in Sources */ = {isa = PBXBuildFile; fileRef = A85AB6E72C19EBF100FE1829 /* TopView+Ext.swift */; };
		A85AB6EA2C19F00500FE1829 /* TopViewControllerDelegate.swift in Sources */ = {isa = PBXBuildFile; fileRef = A85AB6E92C19F00500FE1829 /* TopViewControllerDelegate.swift */; };
		A85AB6EC2C19F17900FE1829 /* TopView+CollectionView.swift in Sources */ = {isa = PBXBuildFile; fileRef = A85AB6EB2C19F17900FE1829 /* TopView+CollectionView.swift */; };
		A85AB6EF2C19F35B00FE1829 /* ArticleCollectionViewCell.swift in Sources */ = {isa = PBXBuildFile; fileRef = A85AB6EE2C19F35B00FE1829 /* ArticleCollectionViewCell.swift */; };
		A85AB6F22C19F53300FE1829 /* UICollectionViewCell+Idintifier.swift in Sources */ = {isa = PBXBuildFile; fileRef = A85AB6F12C19F53300FE1829 /* UICollectionViewCell+Idintifier.swift */; };
		A85AB6F42C1C8DA500FE1829 /* UIImageView+Ext.swift in Sources */ = {isa = PBXBuildFile; fileRef = A85AB6F32C1C8DA500FE1829 /* UIImageView+Ext.swift */; };
		A85AB6F72C1D7AFF00FE1829 /* Kingfisher in Frameworks */ = {isa = PBXBuildFile; productRef = A85AB6F62C1D7AFF00FE1829 /* Kingfisher */; };
		A85AB6F92C1EF27F00FE1829 /* CategoryCollectionViewCell.swift in Sources */ = {isa = PBXBuildFile; fileRef = A85AB6F82C1EF27F00FE1829 /* CategoryCollectionViewCell.swift */; };
		A85AB6FB2C1EF52B00FE1829 /* CategoryView.swift in Sources */ = {isa = PBXBuildFile; fileRef = A85AB6FA2C1EF52B00FE1829 /* CategoryView.swift */; };
		A85AB6FF2C1EFA1D00FE1829 /* CategoryViewDelegate.swift in Sources */ = {isa = PBXBuildFile; fileRef = A85AB6FE2C1EFA1D00FE1829 /* CategoryViewDelegate.swift */; };
		A85AB7012C1EFA2900FE1829 /* CategoryViewProtocol.swift in Sources */ = {isa = PBXBuildFile; fileRef = A85AB7002C1EFA2900FE1829 /* CategoryViewProtocol.swift */; };
		A85AB7032C1EFA3A00FE1829 /* CategoryView+Ext.swift in Sources */ = {isa = PBXBuildFile; fileRef = A85AB7022C1EFA3A00FE1829 /* CategoryView+Ext.swift */; };
		A85AB7052C1EFA4700FE1829 /* CategoryView+CollectionView.swift in Sources */ = {isa = PBXBuildFile; fileRef = A85AB7042C1EFA4700FE1829 /* CategoryView+CollectionView.swift */; };
		A85AB70C2C200C1100FE1829 /* HomeModel.swift in Sources */ = {isa = PBXBuildFile; fileRef = A85AB70B2C200C1000FE1829 /* HomeModel.swift */; };
		A85AB70E2C200C2700FE1829 /* HomeModelDelegate.swift in Sources */ = {isa = PBXBuildFile; fileRef = A85AB70D2C200C2700FE1829 /* HomeModelDelegate.swift */; };
		A85AB7102C200C4100FE1829 /* HomeModelProtocol.swift in Sources */ = {isa = PBXBuildFile; fileRef = A85AB70F2C200C4100FE1829 /* HomeModelProtocol.swift */; };
		A85AB7122C200C5400FE1829 /* HomeModel+Ext.swift in Sources */ = {isa = PBXBuildFile; fileRef = A85AB7112C200C5400FE1829 /* HomeModel+Ext.swift */; };
		A85AB7142C200C7000FE1829 /* HomeView.swift in Sources */ = {isa = PBXBuildFile; fileRef = A85AB7132C200C7000FE1829 /* HomeView.swift */; };
		A85AB7162C200C7D00FE1829 /* HomeViewDelegate.swift in Sources */ = {isa = PBXBuildFile; fileRef = A85AB7152C200C7D00FE1829 /* HomeViewDelegate.swift */; };
		A85AB7182C200C8B00FE1829 /* HomeViewProtocol.swift in Sources */ = {isa = PBXBuildFile; fileRef = A85AB7172C200C8B00FE1829 /* HomeViewProtocol.swift */; };
		A85AB71A2C200C9A00FE1829 /* HomeView+Ext.swift in Sources */ = {isa = PBXBuildFile; fileRef = A85AB7192C200C9A00FE1829 /* HomeView+Ext.swift */; };
		A85AB71C2C200CAD00FE1829 /* HomeView+CollectionView.swift in Sources */ = {isa = PBXBuildFile; fileRef = A85AB71B2C200CAD00FE1829 /* HomeView+CollectionView.swift */; };
		A85AB71E2C200CC700FE1829 /* HomeViewController.swift in Sources */ = {isa = PBXBuildFile; fileRef = A85AB71D2C200CC700FE1829 /* HomeViewController.swift */; };
		A85AB7202C200CE200FE1829 /* HomeViewController+CollectionView.swift in Sources */ = {isa = PBXBuildFile; fileRef = A85AB71F2C200CE200FE1829 /* HomeViewController+CollectionView.swift */; };
		A85AB7222C200F8C00FE1829 /* HomeCollectionViewCell.swift in Sources */ = {isa = PBXBuildFile; fileRef = A85AB7212C200F8C00FE1829 /* HomeCollectionViewCell.swift */; };
		A85AB72B2C20181000FE1829 /* NewsModel.swift in Sources */ = {isa = PBXBuildFile; fileRef = A85AB72A2C20181000FE1829 /* NewsModel.swift */; };
		A85AB72D2C20183400FE1829 /* NewsModelDelegate.swift in Sources */ = {isa = PBXBuildFile; fileRef = A85AB72C2C20183400FE1829 /* NewsModelDelegate.swift */; };
		A85AB72F2C20183F00FE1829 /* NewsModelProtocol.swift in Sources */ = {isa = PBXBuildFile; fileRef = A85AB72E2C20183F00FE1829 /* NewsModelProtocol.swift */; };
		A85AB7312C20184900FE1829 /* NewsModel+Ext.swift in Sources */ = {isa = PBXBuildFile; fileRef = A85AB7302C20184900FE1829 /* NewsModel+Ext.swift */; };
		A85AB7332C20186700FE1829 /* NewsView.swift in Sources */ = {isa = PBXBuildFile; fileRef = A85AB7322C20186700FE1829 /* NewsView.swift */; };
		A85AB7352C20187400FE1829 /* NewsViewDelegate.swift in Sources */ = {isa = PBXBuildFile; fileRef = A85AB7342C20187400FE1829 /* NewsViewDelegate.swift */; };
		A85AB7372C20187F00FE1829 /* NewsViewProtocol.swift in Sources */ = {isa = PBXBuildFile; fileRef = A85AB7362C20187F00FE1829 /* NewsViewProtocol.swift */; };
		A85AB7392C2018C700FE1829 /* NewsView+Ext.swift in Sources */ = {isa = PBXBuildFile; fileRef = A85AB7382C2018C700FE1829 /* NewsView+Ext.swift */; };
		A85AB73B2C2018DD00FE1829 /* NewsView+CollectionView.swift in Sources */ = {isa = PBXBuildFile; fileRef = A85AB73A2C2018DD00FE1829 /* NewsView+CollectionView.swift */; };
		A85AB73D2C2018F400FE1829 /* NewsViewController.swift in Sources */ = {isa = PBXBuildFile; fileRef = A85AB73C2C2018F400FE1829 /* NewsViewController.swift */; };
		A85AB73F2C20190200FE1829 /* NewsViewController+Ext.swift in Sources */ = {isa = PBXBuildFile; fileRef = A85AB73E2C20190200FE1829 /* NewsViewController+Ext.swift */; };
		A85AB7432C2360D800FE1829 /* NewsDetailsView.swift in Sources */ = {isa = PBXBuildFile; fileRef = A85AB7422C2360D800FE1829 /* NewsDetailsView.swift */; };
		A85AB7452C2360EB00FE1829 /* NewsDetailsViewDelegate.swift in Sources */ = {isa = PBXBuildFile; fileRef = A85AB7442C2360EB00FE1829 /* NewsDetailsViewDelegate.swift */; };
		A85AB7472C2360F500FE1829 /* NewsDetailsViewProtocol.swift in Sources */ = {isa = PBXBuildFile; fileRef = A85AB7462C2360F500FE1829 /* NewsDetailsViewProtocol.swift */; };
		A85AB7492C23610500FE1829 /* NewsDetailsView+Ext.swift in Sources */ = {isa = PBXBuildFile; fileRef = A85AB7482C23610500FE1829 /* NewsDetailsView+Ext.swift */; };
		A85AB74C2C2362CD00FE1829 /* NewsDetailsViewController.swift in Sources */ = {isa = PBXBuildFile; fileRef = A85AB74B2C2362CD00FE1829 /* NewsDetailsViewController.swift */; };
		A85AB74E2C23637000FE1829 /* NewsDetailsViewController+Ext.swift in Sources */ = {isa = PBXBuildFile; fileRef = A85AB74D2C23637000FE1829 /* NewsDetailsViewController+Ext.swift */; };
		A85AB7502C2368DD00FE1829 /* HomeViewControllerDelegate.swift in Sources */ = {isa = PBXBuildFile; fileRef = A85AB74F2C2368DD00FE1829 /* HomeViewControllerDelegate.swift */; };
		A85AB7522C23698100FE1829 /* NewsDetailsViewControllerDelegate.swift in Sources */ = {isa = PBXBuildFile; fileRef = A85AB7512C23698100FE1829 /* NewsDetailsViewControllerDelegate.swift */; };
		A85AB7542C236A0600FE1829 /* NewsViewControllerDelegate.swift in Sources */ = {isa = PBXBuildFile; fileRef = A85AB7532C236A0600FE1829 /* NewsViewControllerDelegate.swift */; };
		A85AB7562C23709000FE1829 /* HomeViewController+Ext.swift in Sources */ = {isa = PBXBuildFile; fileRef = A85AB7552C23709000FE1829 /* HomeViewController+Ext.swift */; };
		A85AB7582C2851C400FE1829 /* ArticleCollectionViewCellDelegate.swift in Sources */ = {isa = PBXBuildFile; fileRef = A85AB7572C2851C400FE1829 /* ArticleCollectionViewCellDelegate.swift */; };
		A85AB75F2C285EB700FE1829 /* FavoriteModel.swift in Sources */ = {isa = PBXBuildFile; fileRef = A85AB75E2C285EB700FE1829 /* FavoriteModel.swift */; };
		A85AB7612C285EC400FE1829 /* FavoriteModelDelegate.swift in Sources */ = {isa = PBXBuildFile; fileRef = A85AB7602C285EC400FE1829 /* FavoriteModelDelegate.swift */; };
		A85AB7632C285EEE00FE1829 /* FavoriteModelProtocol.swift in Sources */ = {isa = PBXBuildFile; fileRef = A85AB7622C285EEE00FE1829 /* FavoriteModelProtocol.swift */; };
		A85AB7652C285EFF00FE1829 /* FavoriteModel+Ext.swift in Sources */ = {isa = PBXBuildFile; fileRef = A85AB7642C285EFF00FE1829 /* FavoriteModel+Ext.swift */; };
		A85AB7672C28610C00FE1829 /* FavoriteView.swift in Sources */ = {isa = PBXBuildFile; fileRef = A85AB7662C28610C00FE1829 /* FavoriteView.swift */; };
		A85AB7692C28616500FE1829 /* FavoriteViewController.swift in Sources */ = {isa = PBXBuildFile; fileRef = A85AB7682C28616500FE1829 /* FavoriteViewController.swift */; };
		A85AB76B2C28626100FE1829 /* FavoriteViewController+Ext.swift in Sources */ = {isa = PBXBuildFile; fileRef = A85AB76A2C28626100FE1829 /* FavoriteViewController+Ext.swift */; };
/* End PBXBuildFile section */

/* Begin PBXFileReference section */
		A823EE6E2C10651E001BF6A6 /* NewsClient.app */ = {isa = PBXFileReference; explicitFileType = wrapper.application; includeInIndex = 0; path = NewsClient.app; sourceTree = BUILT_PRODUCTS_DIR; };
		A823EE712C10651E001BF6A6 /* AppDelegate.swift */ = {isa = PBXFileReference; lastKnownFileType = sourcecode.swift; path = AppDelegate.swift; sourceTree = "<group>"; };
		A823EE732C10651E001BF6A6 /* SceneDelegate.swift */ = {isa = PBXFileReference; lastKnownFileType = sourcecode.swift; path = SceneDelegate.swift; sourceTree = "<group>"; };
		A823EE7B2C10651E001BF6A6 /* NewsClient.xcdatamodel */ = {isa = PBXFileReference; lastKnownFileType = wrapper.xcdatamodel; path = NewsClient.xcdatamodel; sourceTree = "<group>"; };
		A823EE7D2C10651F001BF6A6 /* Assets.xcassets */ = {isa = PBXFileReference; lastKnownFileType = folder.assetcatalog; path = Assets.xcassets; sourceTree = "<group>"; };
		A823EE802C10651F001BF6A6 /* Base */ = {isa = PBXFileReference; lastKnownFileType = file.storyboard; name = Base; path = Base.lproj/LaunchScreen.storyboard; sourceTree = "<group>"; };
		A823EE822C10651F001BF6A6 /* Info.plist */ = {isa = PBXFileReference; lastKnownFileType = text.plist.xml; path = Info.plist; sourceTree = "<group>"; };
		A823EE8A2C107171001BF6A6 /* MainTabBarController.swift */ = {isa = PBXFileReference; lastKnownFileType = sourcecode.swift; path = MainTabBarController.swift; sourceTree = "<group>"; };
		A823EE932C109651001BF6A6 /* NetworkService.swift */ = {isa = PBXFileReference; lastKnownFileType = sourcecode.swift; path = NetworkService.swift; sourceTree = "<group>"; };
		A823EE952C1096BE001BF6A6 /* APIConstant.swift */ = {isa = PBXFileReference; lastKnownFileType = sourcecode.swift; path = APIConstant.swift; sourceTree = "<group>"; };
		A823EE972C109AE7001BF6A6 /* NetworkServiceProtocol.swift */ = {isa = PBXFileReference; lastKnownFileType = sourcecode.swift; path = NetworkServiceProtocol.swift; sourceTree = "<group>"; };
		A823EE992C109B23001BF6A6 /* NetworkService+News.swift */ = {isa = PBXFileReference; lastKnownFileType = sourcecode.swift; path = "NetworkService+News.swift"; sourceTree = "<group>"; };
		A823EE9B2C10A004001BF6A6 /* APIParametrs.swift */ = {isa = PBXFileReference; lastKnownFileType = sourcecode.swift; path = APIParametrs.swift; sourceTree = "<group>"; };
		A823EE9F2C10A34E001BF6A6 /* DMNewsModel.swift */ = {isa = PBXFileReference; lastKnownFileType = sourcecode.swift; path = DMNewsModel.swift; sourceTree = "<group>"; };
		A823EEA32C10A73F001BF6A6 /* TopModel.swift */ = {isa = PBXFileReference; lastKnownFileType = sourcecode.swift; path = TopModel.swift; sourceTree = "<group>"; };
		A823EEA52C10A787001BF6A6 /* TopModelDelegate.swift */ = {isa = PBXFileReference; lastKnownFileType = sourcecode.swift; path = TopModelDelegate.swift; sourceTree = "<group>"; };
		A823EEA72C10A796001BF6A6 /* MainModelProtocol.swift */ = {isa = PBXFileReference; lastKnownFileType = sourcecode.swift; path = MainModelProtocol.swift; sourceTree = "<group>"; };
		A823EEAA2C10A84D001BF6A6 /* ServiceProvider.swift */ = {isa = PBXFileReference; lastKnownFileType = sourcecode.swift; path = ServiceProvider.swift; sourceTree = "<group>"; };
		A823EEAC2C10A8B0001BF6A6 /* TopModel+Ext.swift */ = {isa = PBXFileReference; lastKnownFileType = sourcecode.swift; path = "TopModel+Ext.swift"; sourceTree = "<group>"; };
		A823EEAE2C10AB03001BF6A6 /* BaseViewController.swift */ = {isa = PBXFileReference; lastKnownFileType = sourcecode.swift; path = BaseViewController.swift; sourceTree = "<group>"; };
		A823EEB12C10AB60001BF6A6 /* TopViewController.swift */ = {isa = PBXFileReference; lastKnownFileType = sourcecode.swift; path = TopViewController.swift; sourceTree = "<group>"; };
		A823EEB32C10AC07001BF6A6 /* TopViewController+Ext.swift */ = {isa = PBXFileReference; lastKnownFileType = sourcecode.swift; path = "TopViewController+Ext.swift"; sourceTree = "<group>"; };
		A823EEB52C10B041001BF6A6 /* DMNewsError.swift */ = {isa = PBXFileReference; lastKnownFileType = sourcecode.swift; path = DMNewsError.swift; sourceTree = "<group>"; };
		A823EEB82C19989B001BF6A6 /* CoreDataService.swift */ = {isa = PBXFileReference; lastKnownFileType = sourcecode.swift; path = CoreDataService.swift; sourceTree = "<group>"; };
		A823EEBA2C19992C001BF6A6 /* CoreDataServiceProtocol.swift */ = {isa = PBXFileReference; lastKnownFileType = sourcecode.swift; path = CoreDataServiceProtocol.swift; sourceTree = "<group>"; };
		A823EEBC2C1999CB001BF6A6 /* CoreDataService+News.swift */ = {isa = PBXFileReference; lastKnownFileType = sourcecode.swift; path = "CoreDataService+News.swift"; sourceTree = "<group>"; };
		A85AB6DC2C19E04100FE1829 /* ArticleDataModel.swift */ = {isa = PBXFileReference; lastKnownFileType = sourcecode.swift; path = ArticleDataModel.swift; sourceTree = "<group>"; };
		A85AB6DE2C19E6D100FE1829 /* Constants.swift */ = {isa = PBXFileReference; lastKnownFileType = sourcecode.swift; path = Constants.swift; sourceTree = "<group>"; };
		A85AB6E12C19EB2700FE1829 /* TopView.swift */ = {isa = PBXFileReference; lastKnownFileType = sourcecode.swift; path = TopView.swift; sourceTree = "<group>"; };
		A85AB6E32C19EB5D00FE1829 /* TopViewDelegate.swift */ = {isa = PBXFileReference; lastKnownFileType = sourcecode.swift; path = TopViewDelegate.swift; sourceTree = "<group>"; };
		A85AB6E52C19EB6800FE1829 /* TopViewProtocol.swift */ = {isa = PBXFileReference; lastKnownFileType = sourcecode.swift; path = TopViewProtocol.swift; sourceTree = "<group>"; };
		A85AB6E72C19EBF100FE1829 /* TopView+Ext.swift */ = {isa = PBXFileReference; lastKnownFileType = sourcecode.swift; path = "TopView+Ext.swift"; sourceTree = "<group>"; };
		A85AB6E92C19F00500FE1829 /* TopViewControllerDelegate.swift */ = {isa = PBXFileReference; lastKnownFileType = sourcecode.swift; path = TopViewControllerDelegate.swift; sourceTree = "<group>"; };
		A85AB6EB2C19F17900FE1829 /* TopView+CollectionView.swift */ = {isa = PBXFileReference; lastKnownFileType = sourcecode.swift; path = "TopView+CollectionView.swift"; sourceTree = "<group>"; };
		A85AB6EE2C19F35B00FE1829 /* ArticleCollectionViewCell.swift */ = {isa = PBXFileReference; lastKnownFileType = sourcecode.swift; path = ArticleCollectionViewCell.swift; sourceTree = "<group>"; };
		A85AB6F12C19F53300FE1829 /* UICollectionViewCell+Idintifier.swift */ = {isa = PBXFileReference; lastKnownFileType = sourcecode.swift; path = "UICollectionViewCell+Idintifier.swift"; sourceTree = "<group>"; };
		A85AB6F32C1C8DA500FE1829 /* UIImageView+Ext.swift */ = {isa = PBXFileReference; lastKnownFileType = sourcecode.swift; path = "UIImageView+Ext.swift"; sourceTree = "<group>"; };
		A85AB6F82C1EF27F00FE1829 /* CategoryCollectionViewCell.swift */ = {isa = PBXFileReference; lastKnownFileType = sourcecode.swift; path = CategoryCollectionViewCell.swift; sourceTree = "<group>"; };
		A85AB6FA2C1EF52B00FE1829 /* CategoryView.swift */ = {isa = PBXFileReference; lastKnownFileType = sourcecode.swift; path = CategoryView.swift; sourceTree = "<group>"; };
		A85AB6FE2C1EFA1D00FE1829 /* CategoryViewDelegate.swift */ = {isa = PBXFileReference; lastKnownFileType = sourcecode.swift; path = CategoryViewDelegate.swift; sourceTree = "<group>"; };
		A85AB7002C1EFA2900FE1829 /* CategoryViewProtocol.swift */ = {isa = PBXFileReference; lastKnownFileType = sourcecode.swift; path = CategoryViewProtocol.swift; sourceTree = "<group>"; };
		A85AB7022C1EFA3A00FE1829 /* CategoryView+Ext.swift */ = {isa = PBXFileReference; lastKnownFileType = sourcecode.swift; path = "CategoryView+Ext.swift"; sourceTree = "<group>"; };
		A85AB7042C1EFA4700FE1829 /* CategoryView+CollectionView.swift */ = {isa = PBXFileReference; lastKnownFileType = sourcecode.swift; path = "CategoryView+CollectionView.swift"; sourceTree = "<group>"; };
		A85AB70B2C200C1000FE1829 /* HomeModel.swift */ = {isa = PBXFileReference; lastKnownFileType = sourcecode.swift; path = HomeModel.swift; sourceTree = "<group>"; };
		A85AB70D2C200C2700FE1829 /* HomeModelDelegate.swift */ = {isa = PBXFileReference; lastKnownFileType = sourcecode.swift; path = HomeModelDelegate.swift; sourceTree = "<group>"; };
		A85AB70F2C200C4100FE1829 /* HomeModelProtocol.swift */ = {isa = PBXFileReference; lastKnownFileType = sourcecode.swift; path = HomeModelProtocol.swift; sourceTree = "<group>"; };
		A85AB7112C200C5400FE1829 /* HomeModel+Ext.swift */ = {isa = PBXFileReference; lastKnownFileType = sourcecode.swift; path = "HomeModel+Ext.swift"; sourceTree = "<group>"; };
		A85AB7132C200C7000FE1829 /* HomeView.swift */ = {isa = PBXFileReference; lastKnownFileType = sourcecode.swift; path = HomeView.swift; sourceTree = "<group>"; };
		A85AB7152C200C7D00FE1829 /* HomeViewDelegate.swift */ = {isa = PBXFileReference; lastKnownFileType = sourcecode.swift; path = HomeViewDelegate.swift; sourceTree = "<group>"; };
		A85AB7172C200C8B00FE1829 /* HomeViewProtocol.swift */ = {isa = PBXFileReference; lastKnownFileType = sourcecode.swift; path = HomeViewProtocol.swift; sourceTree = "<group>"; };
		A85AB7192C200C9A00FE1829 /* HomeView+Ext.swift */ = {isa = PBXFileReference; lastKnownFileType = sourcecode.swift; path = "HomeView+Ext.swift"; sourceTree = "<group>"; };
		A85AB71B2C200CAD00FE1829 /* HomeView+CollectionView.swift */ = {isa = PBXFileReference; lastKnownFileType = sourcecode.swift; path = "HomeView+CollectionView.swift"; sourceTree = "<group>"; };
		A85AB71D2C200CC700FE1829 /* HomeViewController.swift */ = {isa = PBXFileReference; lastKnownFileType = sourcecode.swift; path = HomeViewController.swift; sourceTree = "<group>"; };
		A85AB71F2C200CE200FE1829 /* HomeViewController+CollectionView.swift */ = {isa = PBXFileReference; lastKnownFileType = sourcecode.swift; path = "HomeViewController+CollectionView.swift"; sourceTree = "<group>"; };
		A85AB7212C200F8C00FE1829 /* HomeCollectionViewCell.swift */ = {isa = PBXFileReference; lastKnownFileType = sourcecode.swift; path = HomeCollectionViewCell.swift; sourceTree = "<group>"; };
		A85AB72A2C20181000FE1829 /* NewsModel.swift */ = {isa = PBXFileReference; lastKnownFileType = sourcecode.swift; path = NewsModel.swift; sourceTree = "<group>"; };
		A85AB72C2C20183400FE1829 /* NewsModelDelegate.swift */ = {isa = PBXFileReference; lastKnownFileType = sourcecode.swift; path = NewsModelDelegate.swift; sourceTree = "<group>"; };
		A85AB72E2C20183F00FE1829 /* NewsModelProtocol.swift */ = {isa = PBXFileReference; lastKnownFileType = sourcecode.swift; path = NewsModelProtocol.swift; sourceTree = "<group>"; };
		A85AB7302C20184900FE1829 /* NewsModel+Ext.swift */ = {isa = PBXFileReference; lastKnownFileType = sourcecode.swift; path = "NewsModel+Ext.swift"; sourceTree = "<group>"; };
		A85AB7322C20186700FE1829 /* NewsView.swift */ = {isa = PBXFileReference; lastKnownFileType = sourcecode.swift; path = NewsView.swift; sourceTree = "<group>"; };
		A85AB7342C20187400FE1829 /* NewsViewDelegate.swift */ = {isa = PBXFileReference; lastKnownFileType = sourcecode.swift; path = NewsViewDelegate.swift; sourceTree = "<group>"; };
		A85AB7362C20187F00FE1829 /* NewsViewProtocol.swift */ = {isa = PBXFileReference; lastKnownFileType = sourcecode.swift; path = NewsViewProtocol.swift; sourceTree = "<group>"; };
		A85AB7382C2018C700FE1829 /* NewsView+Ext.swift */ = {isa = PBXFileReference; lastKnownFileType = sourcecode.swift; path = "NewsView+Ext.swift"; sourceTree = "<group>"; };
		A85AB73A2C2018DD00FE1829 /* NewsView+CollectionView.swift */ = {isa = PBXFileReference; lastKnownFileType = sourcecode.swift; path = "NewsView+CollectionView.swift"; sourceTree = "<group>"; };
		A85AB73C2C2018F400FE1829 /* NewsViewController.swift */ = {isa = PBXFileReference; lastKnownFileType = sourcecode.swift; path = NewsViewController.swift; sourceTree = "<group>"; };
		A85AB73E2C20190200FE1829 /* NewsViewController+Ext.swift */ = {isa = PBXFileReference; lastKnownFileType = sourcecode.swift; path = "NewsViewController+Ext.swift"; sourceTree = "<group>"; };
		A85AB7422C2360D800FE1829 /* NewsDetailsView.swift */ = {isa = PBXFileReference; lastKnownFileType = sourcecode.swift; path = NewsDetailsView.swift; sourceTree = "<group>"; };
		A85AB7442C2360EB00FE1829 /* NewsDetailsViewDelegate.swift */ = {isa = PBXFileReference; lastKnownFileType = sourcecode.swift; path = NewsDetailsViewDelegate.swift; sourceTree = "<group>"; };
		A85AB7462C2360F500FE1829 /* NewsDetailsViewProtocol.swift */ = {isa = PBXFileReference; lastKnownFileType = sourcecode.swift; path = NewsDetailsViewProtocol.swift; sourceTree = "<group>"; };
		A85AB7482C23610500FE1829 /* NewsDetailsView+Ext.swift */ = {isa = PBXFileReference; lastKnownFileType = sourcecode.swift; path = "NewsDetailsView+Ext.swift"; sourceTree = "<group>"; };
		A85AB74B2C2362CD00FE1829 /* NewsDetailsViewController.swift */ = {isa = PBXFileReference; lastKnownFileType = sourcecode.swift; path = NewsDetailsViewController.swift; sourceTree = "<group>"; };
		A85AB74D2C23637000FE1829 /* NewsDetailsViewController+Ext.swift */ = {isa = PBXFileReference; lastKnownFileType = sourcecode.swift; path = "NewsDetailsViewController+Ext.swift"; sourceTree = "<group>"; };
		A85AB74F2C2368DD00FE1829 /* HomeViewControllerDelegate.swift */ = {isa = PBXFileReference; lastKnownFileType = sourcecode.swift; path = HomeViewControllerDelegate.swift; sourceTree = "<group>"; };
		A85AB7512C23698100FE1829 /* NewsDetailsViewControllerDelegate.swift */ = {isa = PBXFileReference; lastKnownFileType = sourcecode.swift; path = NewsDetailsViewControllerDelegate.swift; sourceTree = "<group>"; };
		A85AB7532C236A0600FE1829 /* NewsViewControllerDelegate.swift */ = {isa = PBXFileReference; lastKnownFileType = sourcecode.swift; path = NewsViewControllerDelegate.swift; sourceTree = "<group>"; };
		A85AB7552C23709000FE1829 /* HomeViewController+Ext.swift */ = {isa = PBXFileReference; lastKnownFileType = sourcecode.swift; path = "HomeViewController+Ext.swift"; sourceTree = "<group>"; };
		A85AB7572C2851C400FE1829 /* ArticleCollectionViewCellDelegate.swift */ = {isa = PBXFileReference; lastKnownFileType = sourcecode.swift; path = ArticleCollectionViewCellDelegate.swift; sourceTree = "<group>"; };
		A85AB75E2C285EB700FE1829 /* FavoriteModel.swift */ = {isa = PBXFileReference; lastKnownFileType = sourcecode.swift; path = FavoriteModel.swift; sourceTree = "<group>"; };
		A85AB7602C285EC400FE1829 /* FavoriteModelDelegate.swift */ = {isa = PBXFileReference; lastKnownFileType = sourcecode.swift; path = FavoriteModelDelegate.swift; sourceTree = "<group>"; };
		A85AB7622C285EEE00FE1829 /* FavoriteModelProtocol.swift */ = {isa = PBXFileReference; lastKnownFileType = sourcecode.swift; path = FavoriteModelProtocol.swift; sourceTree = "<group>"; };
		A85AB7642C285EFF00FE1829 /* FavoriteModel+Ext.swift */ = {isa = PBXFileReference; lastKnownFileType = sourcecode.swift; path = "FavoriteModel+Ext.swift"; sourceTree = "<group>"; };
		A85AB7662C28610C00FE1829 /* FavoriteView.swift */ = {isa = PBXFileReference; lastKnownFileType = sourcecode.swift; path = FavoriteView.swift; sourceTree = "<group>"; };
		A85AB7682C28616500FE1829 /* FavoriteViewController.swift */ = {isa = PBXFileReference; lastKnownFileType = sourcecode.swift; path = FavoriteViewController.swift; sourceTree = "<group>"; };
		A85AB76A2C28626100FE1829 /* FavoriteViewController+Ext.swift */ = {isa = PBXFileReference; lastKnownFileType = sourcecode.swift; path = "FavoriteViewController+Ext.swift"; sourceTree = "<group>"; };
/* End PBXFileReference section */

/* Begin PBXFrameworksBuildPhase section */
		A823EE6B2C10651E001BF6A6 /* Frameworks */ = {
			isa = PBXFrameworksBuildPhase;
			buildActionMask = 2147483647;
			files = (
				A85AB6F72C1D7AFF00FE1829 /* Kingfisher in Frameworks */,
			);
			runOnlyForDeploymentPostprocessing = 0;
		};
/* End PBXFrameworksBuildPhase section */

/* Begin PBXGroup section */
		A823EE652C10651E001BF6A6 = {
			isa = PBXGroup;
			children = (
				A823EE702C10651E001BF6A6 /* NewsClient */,
				A823EE6F2C10651E001BF6A6 /* Products */,
			);
			sourceTree = "<group>";
		};
		A823EE6F2C10651E001BF6A6 /* Products */ = {
			isa = PBXGroup;
			children = (
				A823EE6E2C10651E001BF6A6 /* NewsClient.app */,
			);
			name = Products;
			sourceTree = "<group>";
		};
		A823EE702C10651E001BF6A6 /* NewsClient */ = {
			isa = PBXGroup;
			children = (
				A85AB6F02C19F51900FE1829 /* Extensions */,
				A823EEA92C10A838001BF6A6 /* Common */,
				A823EE8C2C107207001BF6A6 /* Resource */,
				A823EE8D2C1072A1001BF6A6 /* Source */,
			);
			path = NewsClient;
			sourceTree = "<group>";
		};
		A823EE8C2C107207001BF6A6 /* Resource */ = {
			isa = PBXGroup;
			children = (
				A823EE7D2C10651F001BF6A6 /* Assets.xcassets */,
				A823EE7F2C10651F001BF6A6 /* LaunchScreen.storyboard */,
				A823EE822C10651F001BF6A6 /* Info.plist */,
				A823EE7A2C10651E001BF6A6 /* NewsClientData.xcdatamodeld */,
			);
			path = Resource;
			sourceTree = "<group>";
		};
		A823EE8D2C1072A1001BF6A6 /* Source */ = {
			isa = PBXGroup;
			children = (
				A823EE9D2C10A2FE001BF6A6 /* Models */,
				A823EE8E2C1072C5001BF6A6 /* Screens */,
				A823EE912C1095EC001BF6A6 /* Services */,
			);
			path = Source;
			sourceTree = "<group>";
		};
		A823EE8E2C1072C5001BF6A6 /* Screens */ = {
			isa = PBXGroup;
			children = (
				A823EE8F2C1072CE001BF6A6 /* App */,
				A823EE902C1072D7001BF6A6 /* Main */,
				A823EEA12C10A705001BF6A6 /* Top */,
				A85AB7232C20158200FE1829 /* News */,
				A85AB7062C200B4100FE1829 /* Home */,
				A85AB7592C285E4E00FE1829 /* Search */,
				A85AB75A2C285E6C00FE1829 /* Favorite */,
			);
			path = Screens;
			sourceTree = "<group>";
		};
		A823EE8F2C1072CE001BF6A6 /* App */ = {
			isa = PBXGroup;
			children = (
				A823EE712C10651E001BF6A6 /* AppDelegate.swift */,
				A823EE732C10651E001BF6A6 /* SceneDelegate.swift */,
			);
			path = App;
			sourceTree = "<group>";
		};
		A823EE902C1072D7001BF6A6 /* Main */ = {
			isa = PBXGroup;
			children = (
				A823EE8A2C107171001BF6A6 /* MainTabBarController.swift */,
				A823EEAE2C10AB03001BF6A6 /* BaseViewController.swift */,
			);
			path = Main;
			sourceTree = "<group>";
		};
		A823EE912C1095EC001BF6A6 /* Services */ = {
			isa = PBXGroup;
			children = (
				A823EEB72C19987A001BF6A6 /* CoreData */,
				A823EE922C109627001BF6A6 /* Network */,
			);
			path = Services;
			sourceTree = "<group>";
		};
		A823EE922C109627001BF6A6 /* Network */ = {
			isa = PBXGroup;
			children = (
				A823EE932C109651001BF6A6 /* NetworkService.swift */,
				A823EE972C109AE7001BF6A6 /* NetworkServiceProtocol.swift */,
				A823EE952C1096BE001BF6A6 /* APIConstant.swift */,
				A823EE9B2C10A004001BF6A6 /* APIParametrs.swift */,
				A823EE992C109B23001BF6A6 /* NetworkService+News.swift */,
			);
			path = Network;
			sourceTree = "<group>";
		};
		A823EE9D2C10A2FE001BF6A6 /* Models */ = {
			isa = PBXGroup;
			children = (
				A85AB6DB2C19DFA900FE1829 /* DataModel */,
				A823EE9E2C10A33B001BF6A6 /* API */,
			);
			path = Models;
			sourceTree = "<group>";
		};
		A823EE9E2C10A33B001BF6A6 /* API */ = {
			isa = PBXGroup;
			children = (
				A823EE9F2C10A34E001BF6A6 /* DMNewsModel.swift */,
				A823EEB52C10B041001BF6A6 /* DMNewsError.swift */,
			);
			path = API;
			sourceTree = "<group>";
		};
		A823EEA12C10A705001BF6A6 /* Top */ = {
			isa = PBXGroup;
			children = (
				A85AB6ED2C19F31900FE1829 /* Cells */,
				A823EEA22C10A72C001BF6A6 /* Models */,
				A85AB6E02C19E8C900FE1829 /* Views */,
				A823EEB02C10AB41001BF6A6 /* Controllers */,
			);
			path = Top;
			sourceTree = "<group>";
		};
		A823EEA22C10A72C001BF6A6 /* Models */ = {
			isa = PBXGroup;
			children = (
				A823EEAC2C10A8B0001BF6A6 /* TopModel+Ext.swift */,
				A823EEA32C10A73F001BF6A6 /* TopModel.swift */,
				A823EEA52C10A787001BF6A6 /* TopModelDelegate.swift */,
				A823EEA72C10A796001BF6A6 /* MainModelProtocol.swift */,
			);
			path = Models;
			sourceTree = "<group>";
		};
		A823EEA92C10A838001BF6A6 /* Common */ = {
			isa = PBXGroup;
			children = (
				A823EEAA2C10A84D001BF6A6 /* ServiceProvider.swift */,
				A85AB6DE2C19E6D100FE1829 /* Constants.swift */,
			);
			path = Common;
			sourceTree = "<group>";
		};
		A823EEB02C10AB41001BF6A6 /* Controllers */ = {
			isa = PBXGroup;
			children = (
				A823EEB32C10AC07001BF6A6 /* TopViewController+Ext.swift */,
				A823EEB12C10AB60001BF6A6 /* TopViewController.swift */,
				A85AB7252C2015C400FE1829 /* Models */,
				A85AB6E92C19F00500FE1829 /* TopViewControllerDelegate.swift */,
			);
			path = Controllers;
			sourceTree = "<group>";
		};
		A823EEB72C19987A001BF6A6 /* CoreData */ = {
			isa = PBXGroup;
			children = (
				A823EEB82C19989B001BF6A6 /* CoreDataService.swift */,
				A823EEBA2C19992C001BF6A6 /* CoreDataServiceProtocol.swift */,
				A823EEBC2C1999CB001BF6A6 /* CoreDataService+News.swift */,
			);
			path = CoreData;
			sourceTree = "<group>";
		};
		A85AB6DB2C19DFA900FE1829 /* DataModel */ = {
			isa = PBXGroup;
			children = (
				A85AB6DC2C19E04100FE1829 /* ArticleDataModel.swift */,
			);
			path = DataModel;
			sourceTree = "<group>";
		};
		A85AB6E02C19E8C900FE1829 /* Views */ = {
			isa = PBXGroup;
			children = (
				A85AB6FC2C1EF58200FE1829 /* Top */,
				A85AB6FD2C1EF58800FE1829 /* Category */,
			);
			path = Views;
			sourceTree = "<group>";
		};
		A85AB6ED2C19F31900FE1829 /* Cells */ = {
			isa = PBXGroup;
			children = (
				A85AB6EE2C19F35B00FE1829 /* ArticleCollectionViewCell.swift */,
				A85AB7572C2851C400FE1829 /* ArticleCollectionViewCellDelegate.swift */,
				A85AB6F82C1EF27F00FE1829 /* CategoryCollectionViewCell.swift */,
			);
			path = Cells;
			sourceTree = "<group>";
		};
		A85AB6F02C19F51900FE1829 /* Extensions */ = {
			isa = PBXGroup;
			children = (
				A85AB6F12C19F53300FE1829 /* UICollectionViewCell+Idintifier.swift */,
				A85AB6F32C1C8DA500FE1829 /* UIImageView+Ext.swift */,
			);
			path = Extensions;
			sourceTree = "<group>";
		};
		A85AB6FC2C1EF58200FE1829 /* Top */ = {
			isa = PBXGroup;
			children = (
				A85AB6EB2C19F17900FE1829 /* TopView+CollectionView.swift */,
				A85AB6E72C19EBF100FE1829 /* TopView+Ext.swift */,
				A85AB6E12C19EB2700FE1829 /* TopView.swift */,
				A85AB6E32C19EB5D00FE1829 /* TopViewDelegate.swift */,
				A85AB6E52C19EB6800FE1829 /* TopViewProtocol.swift */,
			);
			path = Top;
			sourceTree = "<group>";
		};
		A85AB6FD2C1EF58800FE1829 /* Category */ = {
			isa = PBXGroup;
			children = (
				A85AB7042C1EFA4700FE1829 /* CategoryView+CollectionView.swift */,
				A85AB6FA2C1EF52B00FE1829 /* CategoryView.swift */,
				A85AB7022C1EFA3A00FE1829 /* CategoryView+Ext.swift */,
				A85AB6FE2C1EFA1D00FE1829 /* CategoryViewDelegate.swift */,
				A85AB7002C1EFA2900FE1829 /* CategoryViewProtocol.swift */,
			);
			path = Category;
			sourceTree = "<group>";
		};
		A85AB7062C200B4100FE1829 /* Home */ = {
			isa = PBXGroup;
			children = (
				A85AB7072C200BBC00FE1829 /* Cell */,
				A85AB7082C200BD000FE1829 /* Model */,
				A85AB7092C200BD600FE1829 /* View */,
				A85AB70A2C200BDB00FE1829 /* Controller */,
			);
			path = Home;
			sourceTree = "<group>";
		};
		A85AB7072C200BBC00FE1829 /* Cell */ = {
			isa = PBXGroup;
			children = (
				A85AB7212C200F8C00FE1829 /* HomeCollectionViewCell.swift */,
			);
			path = Cell;
			sourceTree = "<group>";
		};
		A85AB7082C200BD000FE1829 /* Model */ = {
			isa = PBXGroup;
			children = (
				A85AB7112C200C5400FE1829 /* HomeModel+Ext.swift */,
				A85AB70B2C200C1000FE1829 /* HomeModel.swift */,
				A85AB70D2C200C2700FE1829 /* HomeModelDelegate.swift */,
				A85AB70F2C200C4100FE1829 /* HomeModelProtocol.swift */,
			);
			path = Model;
			sourceTree = "<group>";
		};
		A85AB7092C200BD600FE1829 /* View */ = {
			isa = PBXGroup;
			children = (
				A85AB71B2C200CAD00FE1829 /* HomeView+CollectionView.swift */,
				A85AB7192C200C9A00FE1829 /* HomeView+Ext.swift */,
				A85AB7132C200C7000FE1829 /* HomeView.swift */,
				A85AB7152C200C7D00FE1829 /* HomeViewDelegate.swift */,
				A85AB7172C200C8B00FE1829 /* HomeViewProtocol.swift */,
			);
			path = View;
			sourceTree = "<group>";
		};
		A85AB70A2C200BDB00FE1829 /* Controller */ = {
			isa = PBXGroup;
			children = (
				A85AB7552C23709000FE1829 /* HomeViewController+Ext.swift */,
				A85AB71F2C200CE200FE1829 /* HomeViewController+CollectionView.swift */,
				A85AB71D2C200CC700FE1829 /* HomeViewController.swift */,
				A85AB74F2C2368DD00FE1829 /* HomeViewControllerDelegate.swift */,
			);
			path = Controller;
			sourceTree = "<group>";
		};
		A85AB7232C20158200FE1829 /* News */ = {
			isa = PBXGroup;
			children = (
				A85AB7242C2015BD00FE1829 /* Cells */,
				A85AB7262C2015CA00FE1829 /* Views */,
				A85AB7272C2015CF00FE1829 /* Controllers */,
			);
			path = News;
			sourceTree = "<group>";
		};
		A85AB7242C2015BD00FE1829 /* Cells */ = {
			isa = PBXGroup;
			children = (
			);
			path = Cells;
			sourceTree = "<group>";
		};
		A85AB7252C2015C400FE1829 /* Models */ = {
			isa = PBXGroup;
			children = (
				A85AB7302C20184900FE1829 /* NewsModel+Ext.swift */,
				A85AB72A2C20181000FE1829 /* NewsModel.swift */,
				A85AB72C2C20183400FE1829 /* NewsModelDelegate.swift */,
				A85AB72E2C20183F00FE1829 /* NewsModelProtocol.swift */,
			);
			path = Models;
			sourceTree = "<group>";
		};
		A85AB7262C2015CA00FE1829 /* Views */ = {
			isa = PBXGroup;
			children = (
				A85AB73A2C2018DD00FE1829 /* NewsView+CollectionView.swift */,
				A85AB7382C2018C700FE1829 /* NewsView+Ext.swift */,
				A85AB7322C20186700FE1829 /* NewsView.swift */,
				A85AB7342C20187400FE1829 /* NewsViewDelegate.swift */,
				A85AB7362C20187F00FE1829 /* NewsViewProtocol.swift */,
				A85AB7412C2360B400FE1829 /* Details */,
			);
			path = Views;
			sourceTree = "<group>";
		};
		A85AB7272C2015CF00FE1829 /* Controllers */ = {
			isa = PBXGroup;
			children = (
				A85AB73E2C20190200FE1829 /* NewsViewController+Ext.swift */,
				A85AB73C2C2018F400FE1829 /* NewsViewController.swift */,
				A85AB7532C236A0600FE1829 /* NewsViewControllerDelegate.swift */,
				A85AB74A2C23629300FE1829 /* Details */,
			);
			path = Controllers;
			sourceTree = "<group>";
		};
		A85AB7412C2360B400FE1829 /* Details */ = {
			isa = PBXGroup;
			children = (
				A85AB7482C23610500FE1829 /* NewsDetailsView+Ext.swift */,
				A85AB7422C2360D800FE1829 /* NewsDetailsView.swift */,
				A85AB7442C2360EB00FE1829 /* NewsDetailsViewDelegate.swift */,
				A85AB7462C2360F500FE1829 /* NewsDetailsViewProtocol.swift */,
			);
			path = Details;
			sourceTree = "<group>";
		};
		A85AB74A2C23629300FE1829 /* Details */ = {
			isa = PBXGroup;
			children = (
				A85AB74D2C23637000FE1829 /* NewsDetailsViewController+Ext.swift */,
				A85AB74B2C2362CD00FE1829 /* NewsDetailsViewController.swift */,
				A85AB7512C23698100FE1829 /* NewsDetailsViewControllerDelegate.swift */,
			);
			path = Details;
			sourceTree = "<group>";
		};
		A85AB7592C285E4E00FE1829 /* Search */ = {
			isa = PBXGroup;
			children = (
			);
			path = Search;
			sourceTree = "<group>";
		};
		A85AB75A2C285E6C00FE1829 /* Favorite */ = {
			isa = PBXGroup;
			children = (
				A85AB75B2C285E8800FE1829 /* Model */,
				A85AB75C2C285E8E00FE1829 /* View */,
				A85AB75D2C285E9400FE1829 /* Controller */,
			);
			path = Favorite;
			sourceTree = "<group>";
		};
		A85AB75B2C285E8800FE1829 /* Model */ = {
			isa = PBXGroup;
			children = (
				A85AB7642C285EFF00FE1829 /* FavoriteModel+Ext.swift */,
				A85AB75E2C285EB700FE1829 /* FavoriteModel.swift */,
				A85AB7602C285EC400FE1829 /* FavoriteModelDelegate.swift */,
				A85AB7622C285EEE00FE1829 /* FavoriteModelProtocol.swift */,
			);
			path = Model;
			sourceTree = "<group>";
		};
		A85AB75C2C285E8E00FE1829 /* View */ = {
			isa = PBXGroup;
			children = (
				A85AB7662C28610C00FE1829 /* FavoriteView.swift */,
			);
			path = View;
			sourceTree = "<group>";
		};
		A85AB75D2C285E9400FE1829 /* Controller */ = {
			isa = PBXGroup;
			children = (
				A85AB76A2C28626100FE1829 /* FavoriteViewController+Ext.swift */,
				A85AB7682C28616500FE1829 /* FavoriteViewController.swift */,
			);
			path = Controller;
			sourceTree = "<group>";
		};
/* End PBXGroup section */

/* Begin PBXNativeTarget section */
		A823EE6D2C10651E001BF6A6 /* NewsClient */ = {
			isa = PBXNativeTarget;
			buildConfigurationList = A823EE852C10651F001BF6A6 /* Build configuration list for PBXNativeTarget "NewsClient" */;
			buildPhases = (
				A823EE6A2C10651E001BF6A6 /* Sources */,
				A823EE6B2C10651E001BF6A6 /* Frameworks */,
				A823EE6C2C10651E001BF6A6 /* Resources */,
			);
			buildRules = (
			);
			dependencies = (
			);
			name = NewsClient;
			packageProductDependencies = (
				A85AB6F62C1D7AFF00FE1829 /* Kingfisher */,
			);
			productName = NewsClient;
			productReference = A823EE6E2C10651E001BF6A6 /* NewsClient.app */;
			productType = "com.apple.product-type.application";
		};
/* End PBXNativeTarget section */

/* Begin PBXProject section */
		A823EE662C10651E001BF6A6 /* Project object */ = {
			isa = PBXProject;
			attributes = {
				BuildIndependentTargetsInParallel = 1;
				LastSwiftUpdateCheck = 1540;
				LastUpgradeCheck = 1540;
				TargetAttributes = {
					A823EE6D2C10651E001BF6A6 = {
						CreatedOnToolsVersion = 15.4;
					};
				};
			};
			buildConfigurationList = A823EE692C10651E001BF6A6 /* Build configuration list for PBXProject "NewsClient" */;
			compatibilityVersion = "Xcode 14.0";
			developmentRegion = en;
			hasScannedForEncodings = 0;
			knownRegions = (
				en,
				Base,
			);
			mainGroup = A823EE652C10651E001BF6A6;
			packageReferences = (
				A85AB6F52C1D7AFF00FE1829 /* XCRemoteSwiftPackageReference "Kingfisher" */,
			);
			productRefGroup = A823EE6F2C10651E001BF6A6 /* Products */;
			projectDirPath = "";
			projectRoot = "";
			targets = (
				A823EE6D2C10651E001BF6A6 /* NewsClient */,
			);
		};
/* End PBXProject section */

/* Begin PBXResourcesBuildPhase section */
		A823EE6C2C10651E001BF6A6 /* Resources */ = {
			isa = PBXResourcesBuildPhase;
			buildActionMask = 2147483647;
			files = (
				A823EE7E2C10651F001BF6A6 /* Assets.xcassets in Resources */,
				A823EE812C10651F001BF6A6 /* Base in Resources */,
			);
			runOnlyForDeploymentPostprocessing = 0;
		};
/* End PBXResourcesBuildPhase section */

/* Begin PBXSourcesBuildPhase section */
		A823EE6A2C10651E001BF6A6 /* Sources */ = {
			isa = PBXSourcesBuildPhase;
			buildActionMask = 2147483647;
			files = (
				A85AB7502C2368DD00FE1829 /* HomeViewControllerDelegate.swift in Sources */,
				A85AB75F2C285EB700FE1829 /* FavoriteModel.swift in Sources */,
				A85AB7102C200C4100FE1829 /* HomeModelProtocol.swift in Sources */,
				A85AB6F42C1C8DA500FE1829 /* UIImageView+Ext.swift in Sources */,
				A85AB7162C200C7D00FE1829 /* HomeViewDelegate.swift in Sources */,
				A85AB7012C1EFA2900FE1829 /* CategoryViewProtocol.swift in Sources */,
				A85AB7202C200CE200FE1829 /* HomeViewController+CollectionView.swift in Sources */,
				A85AB7372C20187F00FE1829 /* NewsViewProtocol.swift in Sources */,
				A85AB7352C20187400FE1829 /* NewsViewDelegate.swift in Sources */,
				A823EE942C109651001BF6A6 /* NetworkService.swift in Sources */,
				A85AB6E22C19EB2700FE1829 /* TopView.swift in Sources */,
				A85AB7142C200C7000FE1829 /* HomeView.swift in Sources */,
				A823EE722C10651E001BF6A6 /* AppDelegate.swift in Sources */,
				A823EEAB2C10A84D001BF6A6 /* ServiceProvider.swift in Sources */,
				A85AB7432C2360D800FE1829 /* NewsDetailsView.swift in Sources */,
				A85AB6DD2C19E04100FE1829 /* ArticleDataModel.swift in Sources */,
				A823EEB62C10B041001BF6A6 /* DMNewsError.swift in Sources */,
				A85AB6E82C19EBF100FE1829 /* TopView+Ext.swift in Sources */,
				A85AB6EF2C19F35B00FE1829 /* ArticleCollectionViewCell.swift in Sources */,
				A85AB7452C2360EB00FE1829 /* NewsDetailsViewDelegate.swift in Sources */,
				A823EE962C1096BE001BF6A6 /* APIConstant.swift in Sources */,
				A85AB7542C236A0600FE1829 /* NewsViewControllerDelegate.swift in Sources */,
				A85AB71C2C200CAD00FE1829 /* HomeView+CollectionView.swift in Sources */,
				A85AB6E42C19EB5D00FE1829 /* TopViewDelegate.swift in Sources */,
				A85AB7332C20186700FE1829 /* NewsView.swift in Sources */,
				A823EEA82C10A796001BF6A6 /* MainModelProtocol.swift in Sources */,
				A85AB74C2C2362CD00FE1829 /* NewsDetailsViewController.swift in Sources */,
				A85AB73D2C2018F400FE1829 /* NewsViewController.swift in Sources */,
				A85AB7562C23709000FE1829 /* HomeViewController+Ext.swift in Sources */,
				A85AB71A2C200C9A00FE1829 /* HomeView+Ext.swift in Sources */,
				A823EEA42C10A73F001BF6A6 /* TopModel.swift in Sources */,
				A85AB7472C2360F500FE1829 /* NewsDetailsViewProtocol.swift in Sources */,
				A85AB7052C1EFA4700FE1829 /* CategoryView+CollectionView.swift in Sources */,
				A85AB7492C23610500FE1829 /* NewsDetailsView+Ext.swift in Sources */,
				A85AB7672C28610C00FE1829 /* FavoriteView.swift in Sources */,
				A85AB7612C285EC400FE1829 /* FavoriteModelDelegate.swift in Sources */,
				A823EEBD2C1999CB001BF6A6 /* CoreDataService+News.swift in Sources */,
				A85AB7182C200C8B00FE1829 /* HomeViewProtocol.swift in Sources */,
				A823EEAD2C10A8B0001BF6A6 /* TopModel+Ext.swift in Sources */,
				A85AB6EC2C19F17900FE1829 /* TopView+CollectionView.swift in Sources */,
				A823EEA62C10A787001BF6A6 /* TopModelDelegate.swift in Sources */,
				A823EEB42C10AC07001BF6A6 /* TopViewController+Ext.swift in Sources */,
				A823EEA02C10A34E001BF6A6 /* DMNewsModel.swift in Sources */,
				A85AB7032C1EFA3A00FE1829 /* CategoryView+Ext.swift in Sources */,
				A823EE982C109AE7001BF6A6 /* NetworkServiceProtocol.swift in Sources */,
				A85AB6F92C1EF27F00FE1829 /* CategoryCollectionViewCell.swift in Sources */,
				A85AB7632C285EEE00FE1829 /* FavoriteModelProtocol.swift in Sources */,
				A85AB73B2C2018DD00FE1829 /* NewsView+CollectionView.swift in Sources */,
				A85AB7692C28616500FE1829 /* FavoriteViewController.swift in Sources */,
				A823EEB92C19989B001BF6A6 /* CoreDataService.swift in Sources */,
				A823EEBB2C19992C001BF6A6 /* CoreDataServiceProtocol.swift in Sources */,
				A85AB7392C2018C700FE1829 /* NewsView+Ext.swift in Sources */,
				A823EE9C2C10A004001BF6A6 /* APIParametrs.swift in Sources */,
				A85AB6E62C19EB6800FE1829 /* TopViewProtocol.swift in Sources */,
				A85AB7522C23698100FE1829 /* NewsDetailsViewControllerDelegate.swift in Sources */,
				A85AB7312C20184900FE1829 /* NewsModel+Ext.swift in Sources */,
				A85AB7582C2851C400FE1829 /* ArticleCollectionViewCellDelegate.swift in Sources */,
				A85AB73F2C20190200FE1829 /* NewsViewController+Ext.swift in Sources */,
				A85AB70C2C200C1100FE1829 /* HomeModel.swift in Sources */,
				A85AB7122C200C5400FE1829 /* HomeModel+Ext.swift in Sources */,
				A85AB76B2C28626100FE1829 /* FavoriteViewController+Ext.swift in Sources */,
				A85AB70E2C200C2700FE1829 /* HomeModelDelegate.swift in Sources */,
				A85AB6F22C19F53300FE1829 /* UICollectionViewCell+Idintifier.swift in Sources */,
				A85AB6EA2C19F00500FE1829 /* TopViewControllerDelegate.swift in Sources */,
				A823EE742C10651E001BF6A6 /* SceneDelegate.swift in Sources */,
				A85AB71E2C200CC700FE1829 /* HomeViewController.swift in Sources */,
				A823EEB22C10AB60001BF6A6 /* TopViewController.swift in Sources */,
				A85AB6FB2C1EF52B00FE1829 /* CategoryView.swift in Sources */,
				A85AB72F2C20183F00FE1829 /* NewsModelProtocol.swift in Sources */,
				A85AB7222C200F8C00FE1829 /* HomeCollectionViewCell.swift in Sources */,
				A823EE8B2C107171001BF6A6 /* MainTabBarController.swift in Sources */,
				A823EEAF2C10AB03001BF6A6 /* BaseViewController.swift in Sources */,
				A823EE7C2C10651E001BF6A6 /* NewsClientData.xcdatamodeld in Sources */,
				A85AB72D2C20183400FE1829 /* NewsModelDelegate.swift in Sources */,
				A85AB72B2C20181000FE1829 /* NewsModel.swift in Sources */,
				A85AB74E2C23637000FE1829 /* NewsDetailsViewController+Ext.swift in Sources */,
				A85AB6FF2C1EFA1D00FE1829 /* CategoryViewDelegate.swift in Sources */,
				A823EE9A2C109B23001BF6A6 /* NetworkService+News.swift in Sources */,
				A85AB7652C285EFF00FE1829 /* FavoriteModel+Ext.swift in Sources */,
				A85AB6DF2C19E6D100FE1829 /* Constants.swift in Sources */,
			);
			runOnlyForDeploymentPostprocessing = 0;
		};
/* End PBXSourcesBuildPhase section */

/* Begin PBXVariantGroup section */
		A823EE7F2C10651F001BF6A6 /* LaunchScreen.storyboard */ = {
			isa = PBXVariantGroup;
			children = (
				A823EE802C10651F001BF6A6 /* Base */,
			);
			name = LaunchScreen.storyboard;
			sourceTree = "<group>";
		};
/* End PBXVariantGroup section */

/* Begin XCBuildConfiguration section */
		A823EE832C10651F001BF6A6 /* Debug */ = {
			isa = XCBuildConfiguration;
			buildSettings = {
				ALWAYS_SEARCH_USER_PATHS = NO;
				ASSETCATALOG_COMPILER_GENERATE_SWIFT_ASSET_SYMBOL_EXTENSIONS = YES;
				CLANG_ANALYZER_NONNULL = YES;
				CLANG_ANALYZER_NUMBER_OBJECT_CONVERSION = YES_AGGRESSIVE;
				CLANG_CXX_LANGUAGE_STANDARD = "gnu++20";
				CLANG_ENABLE_MODULES = YES;
				CLANG_ENABLE_OBJC_ARC = YES;
				CLANG_ENABLE_OBJC_WEAK = YES;
				CLANG_WARN_BLOCK_CAPTURE_AUTORELEASING = YES;
				CLANG_WARN_BOOL_CONVERSION = YES;
				CLANG_WARN_COMMA = YES;
				CLANG_WARN_CONSTANT_CONVERSION = YES;
				CLANG_WARN_DEPRECATED_OBJC_IMPLEMENTATIONS = YES;
				CLANG_WARN_DIRECT_OBJC_ISA_USAGE = YES_ERROR;
				CLANG_WARN_DOCUMENTATION_COMMENTS = YES;
				CLANG_WARN_EMPTY_BODY = YES;
				CLANG_WARN_ENUM_CONVERSION = YES;
				CLANG_WARN_INFINITE_RECURSION = YES;
				CLANG_WARN_INT_CONVERSION = YES;
				CLANG_WARN_NON_LITERAL_NULL_CONVERSION = YES;
				CLANG_WARN_OBJC_IMPLICIT_RETAIN_SELF = YES;
				CLANG_WARN_OBJC_LITERAL_CONVERSION = YES;
				CLANG_WARN_OBJC_ROOT_CLASS = YES_ERROR;
				CLANG_WARN_QUOTED_INCLUDE_IN_FRAMEWORK_HEADER = YES;
				CLANG_WARN_RANGE_LOOP_ANALYSIS = YES;
				CLANG_WARN_STRICT_PROTOTYPES = YES;
				CLANG_WARN_SUSPICIOUS_MOVE = YES;
				CLANG_WARN_UNGUARDED_AVAILABILITY = YES_AGGRESSIVE;
				CLANG_WARN_UNREACHABLE_CODE = YES;
				CLANG_WARN__DUPLICATE_METHOD_MATCH = YES;
				COPY_PHASE_STRIP = NO;
				DEBUG_INFORMATION_FORMAT = dwarf;
				ENABLE_STRICT_OBJC_MSGSEND = YES;
				ENABLE_TESTABILITY = YES;
				ENABLE_USER_SCRIPT_SANDBOXING = YES;
				GCC_C_LANGUAGE_STANDARD = gnu17;
				GCC_DYNAMIC_NO_PIC = NO;
				GCC_NO_COMMON_BLOCKS = YES;
				GCC_OPTIMIZATION_LEVEL = 0;
				GCC_PREPROCESSOR_DEFINITIONS = (
					"DEBUG=1",
					"$(inherited)",
				);
				GCC_WARN_64_TO_32_BIT_CONVERSION = YES;
				GCC_WARN_ABOUT_RETURN_TYPE = YES_ERROR;
				GCC_WARN_UNDECLARED_SELECTOR = YES;
				GCC_WARN_UNINITIALIZED_AUTOS = YES_AGGRESSIVE;
				GCC_WARN_UNUSED_FUNCTION = YES;
				GCC_WARN_UNUSED_VARIABLE = YES;
				IPHONEOS_DEPLOYMENT_TARGET = 17.5;
				LOCALIZATION_PREFERS_STRING_CATALOGS = YES;
				MTL_ENABLE_DEBUG_INFO = INCLUDE_SOURCE;
				MTL_FAST_MATH = YES;
				ONLY_ACTIVE_ARCH = YES;
				SDKROOT = iphoneos;
				SWIFT_ACTIVE_COMPILATION_CONDITIONS = "DEBUG $(inherited)";
				SWIFT_OPTIMIZATION_LEVEL = "-Onone";
			};
			name = Debug;
		};
		A823EE842C10651F001BF6A6 /* Release */ = {
			isa = XCBuildConfiguration;
			buildSettings = {
				ALWAYS_SEARCH_USER_PATHS = NO;
				ASSETCATALOG_COMPILER_GENERATE_SWIFT_ASSET_SYMBOL_EXTENSIONS = YES;
				CLANG_ANALYZER_NONNULL = YES;
				CLANG_ANALYZER_NUMBER_OBJECT_CONVERSION = YES_AGGRESSIVE;
				CLANG_CXX_LANGUAGE_STANDARD = "gnu++20";
				CLANG_ENABLE_MODULES = YES;
				CLANG_ENABLE_OBJC_ARC = YES;
				CLANG_ENABLE_OBJC_WEAK = YES;
				CLANG_WARN_BLOCK_CAPTURE_AUTORELEASING = YES;
				CLANG_WARN_BOOL_CONVERSION = YES;
				CLANG_WARN_COMMA = YES;
				CLANG_WARN_CONSTANT_CONVERSION = YES;
				CLANG_WARN_DEPRECATED_OBJC_IMPLEMENTATIONS = YES;
				CLANG_WARN_DIRECT_OBJC_ISA_USAGE = YES_ERROR;
				CLANG_WARN_DOCUMENTATION_COMMENTS = YES;
				CLANG_WARN_EMPTY_BODY = YES;
				CLANG_WARN_ENUM_CONVERSION = YES;
				CLANG_WARN_INFINITE_RECURSION = YES;
				CLANG_WARN_INT_CONVERSION = YES;
				CLANG_WARN_NON_LITERAL_NULL_CONVERSION = YES;
				CLANG_WARN_OBJC_IMPLICIT_RETAIN_SELF = YES;
				CLANG_WARN_OBJC_LITERAL_CONVERSION = YES;
				CLANG_WARN_OBJC_ROOT_CLASS = YES_ERROR;
				CLANG_WARN_QUOTED_INCLUDE_IN_FRAMEWORK_HEADER = YES;
				CLANG_WARN_RANGE_LOOP_ANALYSIS = YES;
				CLANG_WARN_STRICT_PROTOTYPES = YES;
				CLANG_WARN_SUSPICIOUS_MOVE = YES;
				CLANG_WARN_UNGUARDED_AVAILABILITY = YES_AGGRESSIVE;
				CLANG_WARN_UNREACHABLE_CODE = YES;
				CLANG_WARN__DUPLICATE_METHOD_MATCH = YES;
				COPY_PHASE_STRIP = NO;
				DEBUG_INFORMATION_FORMAT = "dwarf-with-dsym";
				ENABLE_NS_ASSERTIONS = NO;
				ENABLE_STRICT_OBJC_MSGSEND = YES;
				ENABLE_USER_SCRIPT_SANDBOXING = YES;
				GCC_C_LANGUAGE_STANDARD = gnu17;
				GCC_NO_COMMON_BLOCKS = YES;
				GCC_WARN_64_TO_32_BIT_CONVERSION = YES;
				GCC_WARN_ABOUT_RETURN_TYPE = YES_ERROR;
				GCC_WARN_UNDECLARED_SELECTOR = YES;
				GCC_WARN_UNINITIALIZED_AUTOS = YES_AGGRESSIVE;
				GCC_WARN_UNUSED_FUNCTION = YES;
				GCC_WARN_UNUSED_VARIABLE = YES;
				IPHONEOS_DEPLOYMENT_TARGET = 17.5;
				LOCALIZATION_PREFERS_STRING_CATALOGS = YES;
				MTL_ENABLE_DEBUG_INFO = NO;
				MTL_FAST_MATH = YES;
				SDKROOT = iphoneos;
				SWIFT_COMPILATION_MODE = wholemodule;
				VALIDATE_PRODUCT = YES;
			};
			name = Release;
		};
		A823EE862C10651F001BF6A6 /* Debug */ = {
			isa = XCBuildConfiguration;
			buildSettings = {
				ASSETCATALOG_COMPILER_APPICON_NAME = AppIcon;
				ASSETCATALOG_COMPILER_GLOBAL_ACCENT_COLOR_NAME = AccentColor;
				CODE_SIGN_STYLE = Automatic;
				CURRENT_PROJECT_VERSION = 1;
				DEVELOPMENT_TEAM = 595Y7XNND7;
				GENERATE_INFOPLIST_FILE = YES;
				INFOPLIST_FILE = NewsClient/Resource/Info.plist;
				INFOPLIST_KEY_UIApplicationSupportsIndirectInputEvents = YES;
				INFOPLIST_KEY_UILaunchStoryboardName = LaunchScreen;
				INFOPLIST_KEY_UIRequiresFullScreen = YES;
				INFOPLIST_KEY_UISupportedInterfaceOrientations = UIInterfaceOrientationPortrait;
				IPHONEOS_DEPLOYMENT_TARGET = 15.0;
				LD_RUNPATH_SEARCH_PATHS = (
					"$(inherited)",
					"@executable_path/Frameworks",
				);
				MARKETING_VERSION = 1.0;
				PRODUCT_BUNDLE_IDENTIFIER = AM.NewsClient;
				PRODUCT_NAME = "$(TARGET_NAME)";
				SWIFT_EMIT_LOC_STRINGS = YES;
				SWIFT_VERSION = 5.0;
				TARGETED_DEVICE_FAMILY = "1,2";
			};
			name = Debug;
		};
		A823EE872C10651F001BF6A6 /* Release */ = {
			isa = XCBuildConfiguration;
			buildSettings = {
				ASSETCATALOG_COMPILER_APPICON_NAME = AppIcon;
				ASSETCATALOG_COMPILER_GLOBAL_ACCENT_COLOR_NAME = AccentColor;
				CODE_SIGN_STYLE = Automatic;
				CURRENT_PROJECT_VERSION = 1;
				DEVELOPMENT_TEAM = 595Y7XNND7;
				GENERATE_INFOPLIST_FILE = YES;
				INFOPLIST_FILE = NewsClient/Resource/Info.plist;
				INFOPLIST_KEY_UIApplicationSupportsIndirectInputEvents = YES;
				INFOPLIST_KEY_UILaunchStoryboardName = LaunchScreen;
				INFOPLIST_KEY_UIRequiresFullScreen = YES;
				INFOPLIST_KEY_UISupportedInterfaceOrientations = UIInterfaceOrientationPortrait;
				IPHONEOS_DEPLOYMENT_TARGET = 15.0;
				LD_RUNPATH_SEARCH_PATHS = (
					"$(inherited)",
					"@executable_path/Frameworks",
				);
				MARKETING_VERSION = 1.0;
				PRODUCT_BUNDLE_IDENTIFIER = AM.NewsClient;
				PRODUCT_NAME = "$(TARGET_NAME)";
				SWIFT_EMIT_LOC_STRINGS = YES;
				SWIFT_VERSION = 5.0;
				TARGETED_DEVICE_FAMILY = "1,2";
			};
			name = Release;
		};
/* End XCBuildConfiguration section */

/* Begin XCConfigurationList section */
		A823EE692C10651E001BF6A6 /* Build configuration list for PBXProject "NewsClient" */ = {
			isa = XCConfigurationList;
			buildConfigurations = (
				A823EE832C10651F001BF6A6 /* Debug */,
				A823EE842C10651F001BF6A6 /* Release */,
			);
			defaultConfigurationIsVisible = 0;
			defaultConfigurationName = Release;
		};
		A823EE852C10651F001BF6A6 /* Build configuration list for PBXNativeTarget "NewsClient" */ = {
			isa = XCConfigurationList;
			buildConfigurations = (
				A823EE862C10651F001BF6A6 /* Debug */,
				A823EE872C10651F001BF6A6 /* Release */,
			);
			defaultConfigurationIsVisible = 0;
			defaultConfigurationName = Release;
		};
/* End XCConfigurationList section */

/* Begin XCRemoteSwiftPackageReference section */
		A85AB6F52C1D7AFF00FE1829 /* XCRemoteSwiftPackageReference "Kingfisher" */ = {
			isa = XCRemoteSwiftPackageReference;
			repositoryURL = "https://github.com/onevcat/Kingfisher.git";
			requirement = {
				kind = upToNextMajorVersion;
				minimumVersion = 7.0.0;
			};
		};
/* End XCRemoteSwiftPackageReference section */

/* Begin XCSwiftPackageProductDependency section */
		A85AB6F62C1D7AFF00FE1829 /* Kingfisher */ = {
			isa = XCSwiftPackageProductDependency;
			package = A85AB6F52C1D7AFF00FE1829 /* XCRemoteSwiftPackageReference "Kingfisher" */;
			productName = Kingfisher;
		};
/* End XCSwiftPackageProductDependency section */

/* Begin XCVersionGroup section */
		A823EE7A2C10651E001BF6A6 /* NewsClientData.xcdatamodeld */ = {
			isa = XCVersionGroup;
			children = (
				A823EE7B2C10651E001BF6A6 /* NewsClient.xcdatamodel */,
			);
			currentVersion = A823EE7B2C10651E001BF6A6 /* NewsClient.xcdatamodel */;
			path = NewsClientData.xcdatamodeld;
			sourceTree = "<group>";
			versionGroupType = wrapper.xcdatamodel;
		};
/* End XCVersionGroup section */
	};
	rootObject = A823EE662C10651E001BF6A6 /* Project object */;
}
